
Microsoft Visual Studio Solution File, Format Version 12.00
# Visual Studio Version 16
VisualStudioVersion = 16.0.29021.104
MinimumVisualStudioVersion = 10.0.40219.1
Project("{FAE04EC0-301F-11D3-BF4B-00C04F79EFBC}") = "lab_01_hello_world", "lab_01_hello_world\lab_01_hello_world.csproj", "{103B01ED-83D4-4D2A-966A-628137D11D7B}"
EndProject
Project("{9A19103F-16F7-4668-BE54-9A1E7A4F7556}") = "lab_02_class", "lab_02_class\lab_02_class.csproj", "{39F5866D-36E3-4497-A2D6-D6FC4644EEF7}"
EndProject
Project("{9A19103F-16F7-4668-BE54-9A1E7A4F7556}") = "lab_03_private_public_fields", "lab_03_private_public_fields\lab_03_private_public_fields.csproj", "{EC1DB4AE-F80E-4AA3-B64A-BC976FF1FCC3}"
EndProject
Project("{9A19103F-16F7-4668-BE54-9A1E7A4F7556}") = "lab_04_class_summary", "lab_04_class_summary\lab_04_class_summary.csproj", "{12B66C5B-BD92-430E-8BCB-12190CF0BBFF}"
EndProject
Project("{9A19103F-16F7-4668-BE54-9A1E7A4F7556}") = "lab_05_Properties", "lab_05_Properties\lab_05_Properties.csproj", "{26D4ACC6-7B41-420A-A0AD-38C8969898CB}"
EndProject
Project("{9A19103F-16F7-4668-BE54-9A1E7A4F7556}") = "lab_06_inheritance", "lab_6_inheritance\lab_06_inheritance.csproj", "{5674F9D0-6468-472C-9D9D-1EFD95E4F091}"
EndProject
Project("{9A19103F-16F7-4668-BE54-9A1E7A4F7556}") = "lab_07_methods", "lab_7_methods\lab_07_methods.csproj", "{A1ECA253-0A90-447C-91DD-7E01656A720F}"
EndProject
Project("{9A19103F-16F7-4668-BE54-9A1E7A4F7556}") = "lab_08_dynamic", "lab_8_dynamic\lab_08_dynamic.csproj", "{526A8563-DE37-48EA-A783-7971465DDAAC}"
EndProject
Project("{9A19103F-16F7-4668-BE54-9A1E7A4F7556}") = "lab_09_constructor", "lab_09_constructor\lab_09_constructor.csproj", "{A8CBC1D0-3CA4-44AF-8E9C-001FF33C98D5}"
EndProject
Project("{9A19103F-16F7-4668-BE54-9A1E7A4F7556}") = "lab_10_overloading", "lab_10_overloading\lab_10_overloading.csproj", "{2177706D-C69D-4405-8D1B-048BD505753E}"
EndProject
Project("{9A19103F-16F7-4668-BE54-9A1E7A4F7556}") = "do_it_03_arrays", "do_it_03_arrays\do_it_03_arrays.csproj", "{C6123D73-0FCD-419D-970A-71B9A932192A}"
EndProject
Project("{9A19103F-16F7-4668-BE54-9A1E7A4F7556}") = "lab_11_polymorphism", "lab_11_polymorphism\lab_11_polymorphism.csproj", "{F1AA6566-6930-475C-BBCE-C4965571AD00}"
EndProject
Project("{9A19103F-16F7-4668-BE54-9A1E7A4F7556}") = "do_it_rabbit_explosion", "do_it_rabbit_explosion\do_it_rabbit_explosion.csproj", "{677CE93A-B0E9-472B-A93D-942AF6276FD5}"
EndProject
Project("{9A19103F-16F7-4668-BE54-9A1E7A4F7556}") = "NUnit_Tests", "NUnit_Tests\NUnit_Tests.csproj", "{5ACFC15F-DD79-49F1-8A96-F7016BAB4155}"
EndProject
Project("{9A19103F-16F7-4668-BE54-9A1E7A4F7556}") = "lab_12_test_me_out", "lab_12_test_me_out\lab_12_test_me_out.csproj", "{FBAD5115-FFA6-4366-8CE2-A694AEEC63AF}"
EndProject
Project("{9A19103F-16F7-4668-BE54-9A1E7A4F7556}") = "do_it_04_incrementers", "do_it_04_incrementers\do_it_04_incrementers.csproj", "{6F2270CD-3D01-4DE7-8272-A08A60EA6BA1}"
EndProject
Project("{9A19103F-16F7-4668-BE54-9A1E7A4F7556}") = "do_it_05_BIDMAS", "do_it_05_BIDMAS\do_it_05_BIDMAS.csproj", "{5AFA97B0-2284-45C5-8A81-9A202E7A6DD0}"
EndProject
Project("{9A19103F-16F7-4668-BE54-9A1E7A4F7556}") = "do_it_06_loops", "do_it_06_loops\do_it_06_loops.csproj", "{72EC3B6E-9EBE-4C41-98DA-D17FC4DB2C6C}"
EndProject
Project("{9A19103F-16F7-4668-BE54-9A1E7A4F7556}") = "do_it_07_switch", "do_it_07_switch\do_it_07_switch.csproj", "{013B589F-3F10-4242-83BB-8F634C2B0374}"
EndProject
Project("{9A19103F-16F7-4668-BE54-9A1E7A4F7556}") = "do_it_08_tests_raise_to_power", "do_it_08_tests_raise_to_power\do_it_08_tests_raise_to_power.csproj", "{9A1D2EFC-71D4-4B1C-A786-D369AE6DE21C}"
EndProject
Project("{9A19103F-16F7-4668-BE54-9A1E7A4F7556}") = "lab_13_files", "lab_13_files\lab_13_files.csproj", "{5DCA2570-B163-47E1-9F72-9D2E8705AFE5}"
EndProject
Project("{9A19103F-16F7-4668-BE54-9A1E7A4F7556}") = "lab_14_stopwatch", "lab_14_stopwatch\lab_14_stopwatch.csproj", "{71F2AFA5-CD23-492D-B108-12D41CA3817E}"
EndProject
Project("{9A19103F-16F7-4668-BE54-9A1E7A4F7556}") = "lab_15_abstract_class", "lab_15_abstract_class\lab_15_abstract_class.csproj", "{85D02D02-C420-4386-964D-F1F564D125CF}"
EndProject
Project("{FAE04EC0-301F-11D3-BF4B-00C04F79EFBC}") = "lab_16_wpf_rabbit_explosion", "lab_16_wpf_rabbit_explosion\lab_16_wpf_rabbit_explosion.csproj", "{12D78452-60AC-4D06-9E2D-FEBBBA7810F8}"
EndProject
Project("{FAE04EC0-301F-11D3-BF4B-00C04F79EFBC}") = "do_it_wpf_rabbits", "do_it_wpf_rabbits\do_it_wpf_rabbits.csproj", "{2440C424-028F-4230-AC79-F4D24B5EEF04}"
EndProject
Project("{FAE04EC0-301F-11D3-BF4B-00C04F79EFBC}") = "wpf_rabbits_explosion_new", "wpf_rabbits_explosion_new\wpf_rabbits_explosion_new.csproj", "{CA4784CC-63FC-4152-9057-AD92F4E1FC69}"
EndProject
Project("{FAE04EC0-301F-11D3-BF4B-00C04F79EFBC}") = "lab_17_rabbit_database_explosion", "lab_17_rabbit_database_explosion\lab_17_rabbit_database_explosion.csproj", "{618A98FE-930B-4B34-A242-BF3A599E0B62}"
EndProject
Project("{FAE04EC0-301F-11D3-BF4B-00C04F79EFBC}") = "Just_Do_It_12_Rabbit_Explosion", "Just_Do_It_12_Rabbit_Explosion\Just_Do_It_12_Rabbit_Explosion.csproj", "{9BA650B7-1EA7-4E46-9667-382DBCD20F1D}"
EndProject
Project("{FAE04EC0-301F-11D3-BF4B-00C04F79EFBC}") = "Just_Do_It_12_Rabbit_Explosion_Extra", "Just_Do_It_12_Rabbit_Explosion_Extra\Just_Do_It_12_Rabbit_Explosion_Extra.csproj", "{F4505D5C-DEA0-4C65-A6D6-D41B5696F4B1}"
EndProject
Project("{FAE04EC0-301F-11D3-BF4B-00C04F79EFBC}") = "lab_18_Rabbit_Database_CRUD", "lab_18_Rabbit_Database_CRUD\lab_18_Rabbit_Database_CRUD.csproj", "{8892538B-5B1A-4335-90FB-4DB266A0213B}"
EndProject
Project("{FAE04EC0-301F-11D3-BF4B-00C04F79EFBC}") = "MiniBank", "MiniBank\MiniBank.csproj", "{0083CDC4-9379-4EE5-BF25-484BF1232666}"
EndProject
Project("{9A19103F-16F7-4668-BE54-9A1E7A4F7556}") = "lab_19_struct", "lab_19_struct\lab_19_struct.csproj", "{79FC63BB-EB9D-4C1B-9BEE-AE6F10CEF8FB}"
EndProject
Project("{9A19103F-16F7-4668-BE54-9A1E7A4F7556}") = "lab_20_array", "lab_20_array\lab_20_array.csproj", "{04D3C998-A8B9-45B2-BE84-D8DD9C61621D}"
EndProject
Project("{9A19103F-16F7-4668-BE54-9A1E7A4F7556}") = "lab_21_collections", "lab_21_collections\lab_21_collections.csproj", "{69F8044C-E9AF-4EB5-BA65-DE0D921B0899}"
EndProject
Project("{FAE04EC0-301F-11D3-BF4B-00C04F79EFBC}") = "lab_22_Northwind", "lab_22_Northwind\lab_22_Northwind.csproj", "{02DFF897-E307-4070-B871-FC51D716EB20}"
EndProject
Project("{FAE04EC0-301F-11D3-BF4B-00C04F79EFBC}") = "lab_23_LINQ", "lab_23_LINQ\lab_23_LINQ.csproj", "{379B413D-F3CA-4A6F-9B36-AE61BBEB4D9D}"
EndProject
Project("{FAE04EC0-301F-11D3-BF4B-00C04F79EFBC}") = "lab_24_Customers_App", "lab_24_Customers_App\lab_24_Customers_App.csproj", "{3B7DE254-B9BC-401D-B4AE-AE851E0797E1}"
EndProject
Project("{9A19103F-16F7-4668-BE54-9A1E7A4F7556}") = "lab_25_data_types", "lab_25_data_types\lab_25_data_types.csproj", "{AB2D34E4-7F1A-4088-A97F-0C0C9672EAE9}"
EndProject
Project("{9A19103F-16F7-4668-BE54-9A1E7A4F7556}") = "lab_26_exceptions", "lab_26_exceptions\lab_26_exceptions.csproj", "{A39E52E9-B399-4048-8BEB-2BD49E2572D3}"
EndProject
Project("{9A19103F-16F7-4668-BE54-9A1E7A4F7556}") = "lab_27_interfaces", "lab_27_interfaces\lab_27_interfaces.csproj", "{49E29B6F-8E98-49AE-98BF-6F3D0A7797EB}"
EndProject
Project("{FAE04EC0-301F-11D3-BF4B-00C04F79EFBC}") = "just_do_it_14_project_1000", "just_do_it_14_project_1000\just_do_it_14_project_1000.csproj", "{D2807680-870F-4355-8A96-B823A9D2FDEF}"
EndProject
Project("{FAE04EC0-301F-11D3-BF4B-00C04F79EFBC}") = "project_1000_console", "project_1000_console\project_1000_console.csproj", "{18FE9594-FF3A-4478-AE97-0D13CFD48B01}"
EndProject
Project("{FAE04EC0-301F-11D3-BF4B-00C04F79EFBC}") = "lab_28_ListView", "lab_28_ListView\lab_28_ListView.csproj", "{D2B27B2E-B8B0-42D3-AEDF-53671A30221C}"
EndProject
Project("{FAE04EC0-301F-11D3-BF4B-00C04F79EFBC}") = "lab_29_export_to_office", "lab_29_export_to_office\lab_29_export_to_office.csproj", "{23053BD5-5B14-47F3-AA7C-4ADD9C015D52}"
EndProject
Project("{9A19103F-16F7-4668-BE54-9A1E7A4F7556}") = "just_do_it_timer_application", "just_do_it_timer_application\just_do_it_timer_application.csproj", "{00686633-3B8A-47F2-8605-D82403A5FC97}"
EndProject
Project("{9A19103F-16F7-4668-BE54-9A1E7A4F7556}") = "lab_30_async", "lab_30_async\lab_30_async.csproj", "{15A4521C-E21C-404D-BD81-57BB40D62EF6}"
EndProject
Project("{9A19103F-16F7-4668-BE54-9A1E7A4F7556}") = "OOP_all_in_one", "OOP_all_in_one\OOP_all_in_one.csproj", "{8C22D6F6-A760-466D-9D61-709926168642}"
EndProject
Project("{9A19103F-16F7-4668-BE54-9A1E7A4F7556}") = "lab_31_tasks", "lab_31_tasks\lab_31_tasks.csproj", "{7947F64E-51BB-4E07-B35B-87DC5027FC2D}"
EndProject
Project("{9A19103F-16F7-4668-BE54-9A1E7A4F7556}") = "lab_32_events", "lab_32_events\lab_32_events.csproj", "{7DFCF9A8-A58B-4E21-91F1-F2E1853EBEA0}"
EndProject
Project("{9A19103F-16F7-4668-BE54-9A1E7A4F7556}") = "lab_33_oop_events", "lab_33_oop_events\lab_33_oop_events.csproj", "{07105B32-65D5-45A4-918A-4D5425A14496}"
EndProject
Project("{F184B08F-C81C-45F6-A57F-5ABD9991F28F}") = "lab_34_API_Northwind", "lab_34_API_Northwind\lab_34_API_Northwind.vbproj", "{39CF5E5B-D337-4ED2-99A0-63C359EF9E81}"
EndProject
Project("{FAE04EC0-301F-11D3-BF4B-00C04F79EFBC}") = "lab_34Real_ASP_Northwind", "lab_34Real_ASP_Northwind\lab_34Real_ASP_Northwind.csproj", "{71499E13-130D-4EC6-96F0-883A4C770F6C}"
EndProject
Project("{9A19103F-16F7-4668-BE54-9A1E7A4F7556}") = "lab_35_api_to_do", "lab_35_api_to_do\lab_35_api_to_do.csproj", "{602AB426-1140-4EC3-9DFE-68551B7C117A}"
EndProject
Project("{9A19103F-16F7-4668-BE54-9A1E7A4F7556}") = "lab_36_reference_value_type", "lab_36_reference_value_type\lab_36_reference_value_type.csproj", "{3290FBE5-CB68-480A-A9FE-75E862EFBA30}"
EndProject
Project("{9A19103F-16F7-4668-BE54-9A1E7A4F7556}") = "lab_37_overflow", "lab_37_overflow\lab_37_overflow.csproj", "{7CD8AA63-85D5-4F09-93B0-879305E7926B}"
EndProject
Project("{9A19103F-16F7-4668-BE54-9A1E7A4F7556}") = "lab_38_core", "lab_38_core\lab_38_core.csproj", "{DD5569A9-09D5-4AD8-B26D-93B10151C245}"
EndProject
Project("{FAE04EC0-301F-11D3-BF4B-00C04F79EFBC}") = "northwind_sql_exam", "northwind_sql_exam\northwind_sql_exam.csproj", "{DE10F459-BAC9-4E5E-AD7B-808B499B3E7F}"
EndProject
Project("{9A19103F-16F7-4668-BE54-9A1E7A4F7556}") = "lab_39_environment_variables", "lab_39_environment_variables\lab_39_environment_variables.csproj", "{89FC320F-8396-4FFB-856F-FFDC01C9BAB1}"
EndProject
Project("{FAE04EC0-301F-11D3-BF4B-00C04F79EFBC}") = "sqlite_northwind", "sqlite_northwind\sqlite_northwind.csproj", "{086EFADF-6E3F-4E29-A824-4FF8E145BA6B}"
EndProject
Project("{FAE04EC0-301F-11D3-BF4B-00C04F79EFBC}") = "xamarin_hello_world.Android", "xamarin_hello_world\xamarin_hello_world.Android\xamarin_hello_world.Android.csproj", "{844D52F2-68E9-4982-9918-4F13F59E5DD4}"
EndProject
Project("{FAE04EC0-301F-11D3-BF4B-00C04F79EFBC}") = "xamarin_hello_world.iOS", "xamarin_hello_world\xamarin_hello_world.iOS\xamarin_hello_world.iOS.csproj", "{166A9553-2BD2-4E02-A398-B721D0A0BB84}"
EndProject
Project("{9A19103F-16F7-4668-BE54-9A1E7A4F7556}") = "xamarin_hello_world", "xamarin_hello_world\xamarin_hello_world\xamarin_hello_world.csproj", "{8FE5134E-DB65-44A6-AF65-C180D3837730}"
EndProject
Project("{9A19103F-16F7-4668-BE54-9A1E7A4F7556}") = "lab_40_core_library", "lab_40_core_library\lab_40_core_library.csproj", "{016BC6C2-6CB7-4187-9179-1A03D32FAC45}"
EndProject
Project("{9A19103F-16F7-4668-BE54-9A1E7A4F7556}") = "lab_40_use_library", "lab_40_use_library\lab_40_use_library.csproj", "{55C74126-CD8F-4777-9AB4-115160F3C03B}"
EndProject
Project("{FAE04EC0-301F-11D3-BF4B-00C04F79EFBC}") = "lab_41_entity_code_first", "lab_41_entity_code_first\lab_41_entity_code_first.csproj", "{67532AB8-A8F3-4814-A9AA-96BE119EDE18}"
EndProject
Project("{FAE04EC0-301F-11D3-BF4B-00C04F79EFBC}") = "northwind_sql_asp", "northwind_sql_asp\northwind_sql_asp.csproj", "{C1350362-7E63-413A-BAC3-6BFE415819A4}"
EndProject
Project("{9A19103F-16F7-4668-BE54-9A1E7A4F7556}") = "lab_42_ef_core_from_scratch", "lab_42_ef_core_from_scratch\lab_42_ef_core_from_scratch.csproj", "{429A4197-56A2-4103-8739-D8524BFAB409}"
EndProject
Project("{9A19103F-16F7-4668-BE54-9A1E7A4F7556}") = "lab_43_asp_entity_core", "lab_43_asp_entity_core\lab_43_asp_entity_core.csproj", "{B0A9863E-9AA5-4B4C-895E-308A71944A7E}"
EndProject
Project("{9A19103F-16F7-4668-BE54-9A1E7A4F7556}") = "lab_just_do_it_enum_with _tests", "lab_just_do_it_enum_with _tests\lab_just_do_it_enum_with _tests.csproj", "{A2304C70-3CF2-4D3C-BF91-D61A2259D9F4}"
EndProject
Project("{9A19103F-16F7-4668-BE54-9A1E7A4F7556}") = "lab_44_assemblies", "lab_44_assemblies\lab_44_assemblies.csproj", "{7591F879-CD7C-4D70-B2D6-93A7923C25F7}"
EndProject
Project("{9A19103F-16F7-4668-BE54-9A1E7A4F7556}") = "lab_45_streaming", "lab_45_streaming\lab_45_streaming.csproj", "{78D44115-9488-4D21-9116-52812395FBF7}"
EndProject
Project("{9A19103F-16F7-4668-BE54-9A1E7A4F7556}") = "just_do_it_18_OOP", "just_do_it_18_OOP\just_do_it_18_OOP.csproj", "{FA94D513-40A7-4E04-B85D-F3C64DA90B3E}"
EndProject
Project("{9A19103F-16F7-4668-BE54-9A1E7A4F7556}") = "lab_46_api", "lab_46_api\lab_46_api.csproj", "{211ACE6B-7EDD-465B-A172-5D90ED5C0469}"
EndProject
Project("{9A19103F-16F7-4668-BE54-9A1E7A4F7556}") = "lab_46_use_api", "lab_46_use_api\lab_46_use_api.csproj", "{A25F8B85-A477-44FC-9003-7555D56CB78C}"
EndProject
Project("{9A19103F-16F7-4668-BE54-9A1E7A4F7556}") = "lab_46_read_api", "lab_46_read_api\lab_46_read_api.csproj", "{54D5B96F-8BA4-48A5-89AF-15C8F4B8A36C}"
EndProject
Project("{FAE04EC0-301F-11D3-BF4B-00C04F79EFBC}") = "lab_46_use_api_MVC", "lab_46_use_api_MVC\lab_46_use_api_MVC.csproj", "{1070580C-5EE1-45F9-849B-15A41DA9CA1E}"
EndProject
Project("{FAE04EC0-301F-11D3-BF4B-00C04F79EFBC}") = "lab_47_NET_API", "lab_47_NET_API\lab_47_NET_API.csproj", "{6BA8FA53-CF60-436F-AF66-C832D1198D4A}"
EndProject
Project("{9A19103F-16F7-4668-BE54-9A1E7A4F7556}") = "lab_47_NET_API_Read", "lab_47_NET_API_Read\lab_47_NET_API_Read.csproj", "{40FE5CCD-9EC6-4174-A3D5-CEBB9C8D2446}"
EndProject
Project("{FAE04EC0-301F-11D3-BF4B-00C04F79EFBC}") = "lab_48_api_todo", "lab_48_api_todo\lab_48_api_todo.csproj", "{74B6E59E-18D5-413F-A893-2380CDBCC771}"
EndProject
Project("{FAE04EC0-301F-11D3-BF4B-00C04F79EFBC}") = "lab_48_use_todo_api", "lab_48_use_todo_api\lab_48_use_todo_api.csproj", "{80401DFA-F9B9-490B-B1E4-9CFFEAB02955}"
EndProject
Global
	GlobalSection(SolutionConfigurationPlatforms) = preSolution
		Debug|Any CPU = Debug|Any CPU
		Debug|iPhone = Debug|iPhone
		Debug|iPhoneSimulator = Debug|iPhoneSimulator
		Release|Any CPU = Release|Any CPU
		Release|iPhone = Release|iPhone
		Release|iPhoneSimulator = Release|iPhoneSimulator
	EndGlobalSection
	GlobalSection(ProjectConfigurationPlatforms) = postSolution
		{103B01ED-83D4-4D2A-966A-628137D11D7B}.Debug|Any CPU.ActiveCfg = Debug|Any CPU
		{103B01ED-83D4-4D2A-966A-628137D11D7B}.Debug|Any CPU.Build.0 = Debug|Any CPU
		{103B01ED-83D4-4D2A-966A-628137D11D7B}.Debug|iPhone.ActiveCfg = Debug|Any CPU
		{103B01ED-83D4-4D2A-966A-628137D11D7B}.Debug|iPhone.Build.0 = Debug|Any CPU
		{103B01ED-83D4-4D2A-966A-628137D11D7B}.Debug|iPhoneSimulator.ActiveCfg = Debug|Any CPU
		{103B01ED-83D4-4D2A-966A-628137D11D7B}.Debug|iPhoneSimulator.Build.0 = Debug|Any CPU
		{103B01ED-83D4-4D2A-966A-628137D11D7B}.Release|Any CPU.ActiveCfg = Release|Any CPU
		{103B01ED-83D4-4D2A-966A-628137D11D7B}.Release|Any CPU.Build.0 = Release|Any CPU
		{103B01ED-83D4-4D2A-966A-628137D11D7B}.Release|iPhone.ActiveCfg = Release|Any CPU
		{103B01ED-83D4-4D2A-966A-628137D11D7B}.Release|iPhone.Build.0 = Release|Any CPU
		{103B01ED-83D4-4D2A-966A-628137D11D7B}.Release|iPhoneSimulator.ActiveCfg = Release|Any CPU
		{103B01ED-83D4-4D2A-966A-628137D11D7B}.Release|iPhoneSimulator.Build.0 = Release|Any CPU
		{39F5866D-36E3-4497-A2D6-D6FC4644EEF7}.Debug|Any CPU.ActiveCfg = Debug|Any CPU
		{39F5866D-36E3-4497-A2D6-D6FC4644EEF7}.Debug|Any CPU.Build.0 = Debug|Any CPU
		{39F5866D-36E3-4497-A2D6-D6FC4644EEF7}.Debug|iPhone.ActiveCfg = Debug|Any CPU
		{39F5866D-36E3-4497-A2D6-D6FC4644EEF7}.Debug|iPhone.Build.0 = Debug|Any CPU
		{39F5866D-36E3-4497-A2D6-D6FC4644EEF7}.Debug|iPhoneSimulator.ActiveCfg = Debug|Any CPU
		{39F5866D-36E3-4497-A2D6-D6FC4644EEF7}.Debug|iPhoneSimulator.Build.0 = Debug|Any CPU
		{39F5866D-36E3-4497-A2D6-D6FC4644EEF7}.Release|Any CPU.ActiveCfg = Release|Any CPU
		{39F5866D-36E3-4497-A2D6-D6FC4644EEF7}.Release|Any CPU.Build.0 = Release|Any CPU
		{39F5866D-36E3-4497-A2D6-D6FC4644EEF7}.Release|iPhone.ActiveCfg = Release|Any CPU
		{39F5866D-36E3-4497-A2D6-D6FC4644EEF7}.Release|iPhone.Build.0 = Release|Any CPU
		{39F5866D-36E3-4497-A2D6-D6FC4644EEF7}.Release|iPhoneSimulator.ActiveCfg = Release|Any CPU
		{39F5866D-36E3-4497-A2D6-D6FC4644EEF7}.Release|iPhoneSimulator.Build.0 = Release|Any CPU
		{EC1DB4AE-F80E-4AA3-B64A-BC976FF1FCC3}.Debug|Any CPU.ActiveCfg = Debug|Any CPU
		{EC1DB4AE-F80E-4AA3-B64A-BC976FF1FCC3}.Debug|Any CPU.Build.0 = Debug|Any CPU
		{EC1DB4AE-F80E-4AA3-B64A-BC976FF1FCC3}.Debug|iPhone.ActiveCfg = Debug|Any CPU
		{EC1DB4AE-F80E-4AA3-B64A-BC976FF1FCC3}.Debug|iPhone.Build.0 = Debug|Any CPU
		{EC1DB4AE-F80E-4AA3-B64A-BC976FF1FCC3}.Debug|iPhoneSimulator.ActiveCfg = Debug|Any CPU
		{EC1DB4AE-F80E-4AA3-B64A-BC976FF1FCC3}.Debug|iPhoneSimulator.Build.0 = Debug|Any CPU
		{EC1DB4AE-F80E-4AA3-B64A-BC976FF1FCC3}.Release|Any CPU.ActiveCfg = Release|Any CPU
		{EC1DB4AE-F80E-4AA3-B64A-BC976FF1FCC3}.Release|Any CPU.Build.0 = Release|Any CPU
		{EC1DB4AE-F80E-4AA3-B64A-BC976FF1FCC3}.Release|iPhone.ActiveCfg = Release|Any CPU
		{EC1DB4AE-F80E-4AA3-B64A-BC976FF1FCC3}.Release|iPhone.Build.0 = Release|Any CPU
		{EC1DB4AE-F80E-4AA3-B64A-BC976FF1FCC3}.Release|iPhoneSimulator.ActiveCfg = Release|Any CPU
		{EC1DB4AE-F80E-4AA3-B64A-BC976FF1FCC3}.Release|iPhoneSimulator.Build.0 = Release|Any CPU
		{12B66C5B-BD92-430E-8BCB-12190CF0BBFF}.Debug|Any CPU.ActiveCfg = Debug|Any CPU
		{12B66C5B-BD92-430E-8BCB-12190CF0BBFF}.Debug|Any CPU.Build.0 = Debug|Any CPU
		{12B66C5B-BD92-430E-8BCB-12190CF0BBFF}.Debug|iPhone.ActiveCfg = Debug|Any CPU
		{12B66C5B-BD92-430E-8BCB-12190CF0BBFF}.Debug|iPhone.Build.0 = Debug|Any CPU
		{12B66C5B-BD92-430E-8BCB-12190CF0BBFF}.Debug|iPhoneSimulator.ActiveCfg = Debug|Any CPU
		{12B66C5B-BD92-430E-8BCB-12190CF0BBFF}.Debug|iPhoneSimulator.Build.0 = Debug|Any CPU
		{12B66C5B-BD92-430E-8BCB-12190CF0BBFF}.Release|Any CPU.ActiveCfg = Release|Any CPU
		{12B66C5B-BD92-430E-8BCB-12190CF0BBFF}.Release|Any CPU.Build.0 = Release|Any CPU
		{12B66C5B-BD92-430E-8BCB-12190CF0BBFF}.Release|iPhone.ActiveCfg = Release|Any CPU
		{12B66C5B-BD92-430E-8BCB-12190CF0BBFF}.Release|iPhone.Build.0 = Release|Any CPU
		{12B66C5B-BD92-430E-8BCB-12190CF0BBFF}.Release|iPhoneSimulator.ActiveCfg = Release|Any CPU
		{12B66C5B-BD92-430E-8BCB-12190CF0BBFF}.Release|iPhoneSimulator.Build.0 = Release|Any CPU
		{26D4ACC6-7B41-420A-A0AD-38C8969898CB}.Debug|Any CPU.ActiveCfg = Debug|Any CPU
		{26D4ACC6-7B41-420A-A0AD-38C8969898CB}.Debug|Any CPU.Build.0 = Debug|Any CPU
		{26D4ACC6-7B41-420A-A0AD-38C8969898CB}.Debug|iPhone.ActiveCfg = Debug|Any CPU
		{26D4ACC6-7B41-420A-A0AD-38C8969898CB}.Debug|iPhone.Build.0 = Debug|Any CPU
		{26D4ACC6-7B41-420A-A0AD-38C8969898CB}.Debug|iPhoneSimulator.ActiveCfg = Debug|Any CPU
		{26D4ACC6-7B41-420A-A0AD-38C8969898CB}.Debug|iPhoneSimulator.Build.0 = Debug|Any CPU
		{26D4ACC6-7B41-420A-A0AD-38C8969898CB}.Release|Any CPU.ActiveCfg = Release|Any CPU
		{26D4ACC6-7B41-420A-A0AD-38C8969898CB}.Release|Any CPU.Build.0 = Release|Any CPU
		{26D4ACC6-7B41-420A-A0AD-38C8969898CB}.Release|iPhone.ActiveCfg = Release|Any CPU
		{26D4ACC6-7B41-420A-A0AD-38C8969898CB}.Release|iPhone.Build.0 = Release|Any CPU
		{26D4ACC6-7B41-420A-A0AD-38C8969898CB}.Release|iPhoneSimulator.ActiveCfg = Release|Any CPU
		{26D4ACC6-7B41-420A-A0AD-38C8969898CB}.Release|iPhoneSimulator.Build.0 = Release|Any CPU
		{5674F9D0-6468-472C-9D9D-1EFD95E4F091}.Debug|Any CPU.ActiveCfg = Debug|Any CPU
		{5674F9D0-6468-472C-9D9D-1EFD95E4F091}.Debug|Any CPU.Build.0 = Debug|Any CPU
		{5674F9D0-6468-472C-9D9D-1EFD95E4F091}.Debug|iPhone.ActiveCfg = Debug|Any CPU
		{5674F9D0-6468-472C-9D9D-1EFD95E4F091}.Debug|iPhone.Build.0 = Debug|Any CPU
		{5674F9D0-6468-472C-9D9D-1EFD95E4F091}.Debug|iPhoneSimulator.ActiveCfg = Debug|Any CPU
		{5674F9D0-6468-472C-9D9D-1EFD95E4F091}.Debug|iPhoneSimulator.Build.0 = Debug|Any CPU
		{5674F9D0-6468-472C-9D9D-1EFD95E4F091}.Release|Any CPU.ActiveCfg = Release|Any CPU
		{5674F9D0-6468-472C-9D9D-1EFD95E4F091}.Release|Any CPU.Build.0 = Release|Any CPU
		{5674F9D0-6468-472C-9D9D-1EFD95E4F091}.Release|iPhone.ActiveCfg = Release|Any CPU
		{5674F9D0-6468-472C-9D9D-1EFD95E4F091}.Release|iPhone.Build.0 = Release|Any CPU
		{5674F9D0-6468-472C-9D9D-1EFD95E4F091}.Release|iPhoneSimulator.ActiveCfg = Release|Any CPU
		{5674F9D0-6468-472C-9D9D-1EFD95E4F091}.Release|iPhoneSimulator.Build.0 = Release|Any CPU
		{A1ECA253-0A90-447C-91DD-7E01656A720F}.Debug|Any CPU.ActiveCfg = Debug|Any CPU
		{A1ECA253-0A90-447C-91DD-7E01656A720F}.Debug|Any CPU.Build.0 = Debug|Any CPU
		{A1ECA253-0A90-447C-91DD-7E01656A720F}.Debug|iPhone.ActiveCfg = Debug|Any CPU
		{A1ECA253-0A90-447C-91DD-7E01656A720F}.Debug|iPhone.Build.0 = Debug|Any CPU
		{A1ECA253-0A90-447C-91DD-7E01656A720F}.Debug|iPhoneSimulator.ActiveCfg = Debug|Any CPU
		{A1ECA253-0A90-447C-91DD-7E01656A720F}.Debug|iPhoneSimulator.Build.0 = Debug|Any CPU
		{A1ECA253-0A90-447C-91DD-7E01656A720F}.Release|Any CPU.ActiveCfg = Release|Any CPU
		{A1ECA253-0A90-447C-91DD-7E01656A720F}.Release|Any CPU.Build.0 = Release|Any CPU
		{A1ECA253-0A90-447C-91DD-7E01656A720F}.Release|iPhone.ActiveCfg = Release|Any CPU
		{A1ECA253-0A90-447C-91DD-7E01656A720F}.Release|iPhone.Build.0 = Release|Any CPU
		{A1ECA253-0A90-447C-91DD-7E01656A720F}.Release|iPhoneSimulator.ActiveCfg = Release|Any CPU
		{A1ECA253-0A90-447C-91DD-7E01656A720F}.Release|iPhoneSimulator.Build.0 = Release|Any CPU
		{526A8563-DE37-48EA-A783-7971465DDAAC}.Debug|Any CPU.ActiveCfg = Debug|Any CPU
		{526A8563-DE37-48EA-A783-7971465DDAAC}.Debug|Any CPU.Build.0 = Debug|Any CPU
		{526A8563-DE37-48EA-A783-7971465DDAAC}.Debug|iPhone.ActiveCfg = Debug|Any CPU
		{526A8563-DE37-48EA-A783-7971465DDAAC}.Debug|iPhone.Build.0 = Debug|Any CPU
		{526A8563-DE37-48EA-A783-7971465DDAAC}.Debug|iPhoneSimulator.ActiveCfg = Debug|Any CPU
		{526A8563-DE37-48EA-A783-7971465DDAAC}.Debug|iPhoneSimulator.Build.0 = Debug|Any CPU
		{526A8563-DE37-48EA-A783-7971465DDAAC}.Release|Any CPU.ActiveCfg = Release|Any CPU
		{526A8563-DE37-48EA-A783-7971465DDAAC}.Release|Any CPU.Build.0 = Release|Any CPU
		{526A8563-DE37-48EA-A783-7971465DDAAC}.Release|iPhone.ActiveCfg = Release|Any CPU
		{526A8563-DE37-48EA-A783-7971465DDAAC}.Release|iPhone.Build.0 = Release|Any CPU
		{526A8563-DE37-48EA-A783-7971465DDAAC}.Release|iPhoneSimulator.ActiveCfg = Release|Any CPU
		{526A8563-DE37-48EA-A783-7971465DDAAC}.Release|iPhoneSimulator.Build.0 = Release|Any CPU
		{A8CBC1D0-3CA4-44AF-8E9C-001FF33C98D5}.Debug|Any CPU.ActiveCfg = Debug|Any CPU
		{A8CBC1D0-3CA4-44AF-8E9C-001FF33C98D5}.Debug|Any CPU.Build.0 = Debug|Any CPU
		{A8CBC1D0-3CA4-44AF-8E9C-001FF33C98D5}.Debug|iPhone.ActiveCfg = Debug|Any CPU
		{A8CBC1D0-3CA4-44AF-8E9C-001FF33C98D5}.Debug|iPhone.Build.0 = Debug|Any CPU
		{A8CBC1D0-3CA4-44AF-8E9C-001FF33C98D5}.Debug|iPhoneSimulator.ActiveCfg = Debug|Any CPU
		{A8CBC1D0-3CA4-44AF-8E9C-001FF33C98D5}.Debug|iPhoneSimulator.Build.0 = Debug|Any CPU
		{A8CBC1D0-3CA4-44AF-8E9C-001FF33C98D5}.Release|Any CPU.ActiveCfg = Release|Any CPU
		{A8CBC1D0-3CA4-44AF-8E9C-001FF33C98D5}.Release|Any CPU.Build.0 = Release|Any CPU
		{A8CBC1D0-3CA4-44AF-8E9C-001FF33C98D5}.Release|iPhone.ActiveCfg = Release|Any CPU
		{A8CBC1D0-3CA4-44AF-8E9C-001FF33C98D5}.Release|iPhone.Build.0 = Release|Any CPU
		{A8CBC1D0-3CA4-44AF-8E9C-001FF33C98D5}.Release|iPhoneSimulator.ActiveCfg = Release|Any CPU
		{A8CBC1D0-3CA4-44AF-8E9C-001FF33C98D5}.Release|iPhoneSimulator.Build.0 = Release|Any CPU
		{2177706D-C69D-4405-8D1B-048BD505753E}.Debug|Any CPU.ActiveCfg = Debug|Any CPU
		{2177706D-C69D-4405-8D1B-048BD505753E}.Debug|Any CPU.Build.0 = Debug|Any CPU
		{2177706D-C69D-4405-8D1B-048BD505753E}.Debug|iPhone.ActiveCfg = Debug|Any CPU
		{2177706D-C69D-4405-8D1B-048BD505753E}.Debug|iPhone.Build.0 = Debug|Any CPU
		{2177706D-C69D-4405-8D1B-048BD505753E}.Debug|iPhoneSimulator.ActiveCfg = Debug|Any CPU
		{2177706D-C69D-4405-8D1B-048BD505753E}.Debug|iPhoneSimulator.Build.0 = Debug|Any CPU
		{2177706D-C69D-4405-8D1B-048BD505753E}.Release|Any CPU.ActiveCfg = Release|Any CPU
		{2177706D-C69D-4405-8D1B-048BD505753E}.Release|Any CPU.Build.0 = Release|Any CPU
		{2177706D-C69D-4405-8D1B-048BD505753E}.Release|iPhone.ActiveCfg = Release|Any CPU
		{2177706D-C69D-4405-8D1B-048BD505753E}.Release|iPhone.Build.0 = Release|Any CPU
		{2177706D-C69D-4405-8D1B-048BD505753E}.Release|iPhoneSimulator.ActiveCfg = Release|Any CPU
		{2177706D-C69D-4405-8D1B-048BD505753E}.Release|iPhoneSimulator.Build.0 = Release|Any CPU
		{C6123D73-0FCD-419D-970A-71B9A932192A}.Debug|Any CPU.ActiveCfg = Debug|Any CPU
		{C6123D73-0FCD-419D-970A-71B9A932192A}.Debug|Any CPU.Build.0 = Debug|Any CPU
		{C6123D73-0FCD-419D-970A-71B9A932192A}.Debug|iPhone.ActiveCfg = Debug|Any CPU
		{C6123D73-0FCD-419D-970A-71B9A932192A}.Debug|iPhone.Build.0 = Debug|Any CPU
		{C6123D73-0FCD-419D-970A-71B9A932192A}.Debug|iPhoneSimulator.ActiveCfg = Debug|Any CPU
		{C6123D73-0FCD-419D-970A-71B9A932192A}.Debug|iPhoneSimulator.Build.0 = Debug|Any CPU
		{C6123D73-0FCD-419D-970A-71B9A932192A}.Release|Any CPU.ActiveCfg = Release|Any CPU
		{C6123D73-0FCD-419D-970A-71B9A932192A}.Release|Any CPU.Build.0 = Release|Any CPU
		{C6123D73-0FCD-419D-970A-71B9A932192A}.Release|iPhone.ActiveCfg = Release|Any CPU
		{C6123D73-0FCD-419D-970A-71B9A932192A}.Release|iPhone.Build.0 = Release|Any CPU
		{C6123D73-0FCD-419D-970A-71B9A932192A}.Release|iPhoneSimulator.ActiveCfg = Release|Any CPU
		{C6123D73-0FCD-419D-970A-71B9A932192A}.Release|iPhoneSimulator.Build.0 = Release|Any CPU
		{F1AA6566-6930-475C-BBCE-C4965571AD00}.Debug|Any CPU.ActiveCfg = Debug|Any CPU
		{F1AA6566-6930-475C-BBCE-C4965571AD00}.Debug|Any CPU.Build.0 = Debug|Any CPU
		{F1AA6566-6930-475C-BBCE-C4965571AD00}.Debug|iPhone.ActiveCfg = Debug|Any CPU
		{F1AA6566-6930-475C-BBCE-C4965571AD00}.Debug|iPhone.Build.0 = Debug|Any CPU
		{F1AA6566-6930-475C-BBCE-C4965571AD00}.Debug|iPhoneSimulator.ActiveCfg = Debug|Any CPU
		{F1AA6566-6930-475C-BBCE-C4965571AD00}.Debug|iPhoneSimulator.Build.0 = Debug|Any CPU
		{F1AA6566-6930-475C-BBCE-C4965571AD00}.Release|Any CPU.ActiveCfg = Release|Any CPU
		{F1AA6566-6930-475C-BBCE-C4965571AD00}.Release|Any CPU.Build.0 = Release|Any CPU
		{F1AA6566-6930-475C-BBCE-C4965571AD00}.Release|iPhone.ActiveCfg = Release|Any CPU
		{F1AA6566-6930-475C-BBCE-C4965571AD00}.Release|iPhone.Build.0 = Release|Any CPU
		{F1AA6566-6930-475C-BBCE-C4965571AD00}.Release|iPhoneSimulator.ActiveCfg = Release|Any CPU
		{F1AA6566-6930-475C-BBCE-C4965571AD00}.Release|iPhoneSimulator.Build.0 = Release|Any CPU
		{677CE93A-B0E9-472B-A93D-942AF6276FD5}.Debug|Any CPU.ActiveCfg = Debug|Any CPU
		{677CE93A-B0E9-472B-A93D-942AF6276FD5}.Debug|Any CPU.Build.0 = Debug|Any CPU
		{677CE93A-B0E9-472B-A93D-942AF6276FD5}.Debug|iPhone.ActiveCfg = Debug|Any CPU
		{677CE93A-B0E9-472B-A93D-942AF6276FD5}.Debug|iPhone.Build.0 = Debug|Any CPU
		{677CE93A-B0E9-472B-A93D-942AF6276FD5}.Debug|iPhoneSimulator.ActiveCfg = Debug|Any CPU
		{677CE93A-B0E9-472B-A93D-942AF6276FD5}.Debug|iPhoneSimulator.Build.0 = Debug|Any CPU
		{677CE93A-B0E9-472B-A93D-942AF6276FD5}.Release|Any CPU.ActiveCfg = Release|Any CPU
		{677CE93A-B0E9-472B-A93D-942AF6276FD5}.Release|Any CPU.Build.0 = Release|Any CPU
		{677CE93A-B0E9-472B-A93D-942AF6276FD5}.Release|iPhone.ActiveCfg = Release|Any CPU
		{677CE93A-B0E9-472B-A93D-942AF6276FD5}.Release|iPhone.Build.0 = Release|Any CPU
		{677CE93A-B0E9-472B-A93D-942AF6276FD5}.Release|iPhoneSimulator.ActiveCfg = Release|Any CPU
		{677CE93A-B0E9-472B-A93D-942AF6276FD5}.Release|iPhoneSimulator.Build.0 = Release|Any CPU
		{5ACFC15F-DD79-49F1-8A96-F7016BAB4155}.Debug|Any CPU.ActiveCfg = Debug|Any CPU
		{5ACFC15F-DD79-49F1-8A96-F7016BAB4155}.Debug|Any CPU.Build.0 = Debug|Any CPU
		{5ACFC15F-DD79-49F1-8A96-F7016BAB4155}.Debug|iPhone.ActiveCfg = Debug|Any CPU
		{5ACFC15F-DD79-49F1-8A96-F7016BAB4155}.Debug|iPhone.Build.0 = Debug|Any CPU
		{5ACFC15F-DD79-49F1-8A96-F7016BAB4155}.Debug|iPhoneSimulator.ActiveCfg = Debug|Any CPU
		{5ACFC15F-DD79-49F1-8A96-F7016BAB4155}.Debug|iPhoneSimulator.Build.0 = Debug|Any CPU
		{5ACFC15F-DD79-49F1-8A96-F7016BAB4155}.Release|Any CPU.ActiveCfg = Release|Any CPU
		{5ACFC15F-DD79-49F1-8A96-F7016BAB4155}.Release|Any CPU.Build.0 = Release|Any CPU
		{5ACFC15F-DD79-49F1-8A96-F7016BAB4155}.Release|iPhone.ActiveCfg = Release|Any CPU
		{5ACFC15F-DD79-49F1-8A96-F7016BAB4155}.Release|iPhone.Build.0 = Release|Any CPU
		{5ACFC15F-DD79-49F1-8A96-F7016BAB4155}.Release|iPhoneSimulator.ActiveCfg = Release|Any CPU
		{5ACFC15F-DD79-49F1-8A96-F7016BAB4155}.Release|iPhoneSimulator.Build.0 = Release|Any CPU
		{FBAD5115-FFA6-4366-8CE2-A694AEEC63AF}.Debug|Any CPU.ActiveCfg = Debug|Any CPU
		{FBAD5115-FFA6-4366-8CE2-A694AEEC63AF}.Debug|Any CPU.Build.0 = Debug|Any CPU
		{FBAD5115-FFA6-4366-8CE2-A694AEEC63AF}.Debug|iPhone.ActiveCfg = Debug|Any CPU
		{FBAD5115-FFA6-4366-8CE2-A694AEEC63AF}.Debug|iPhone.Build.0 = Debug|Any CPU
		{FBAD5115-FFA6-4366-8CE2-A694AEEC63AF}.Debug|iPhoneSimulator.ActiveCfg = Debug|Any CPU
		{FBAD5115-FFA6-4366-8CE2-A694AEEC63AF}.Debug|iPhoneSimulator.Build.0 = Debug|Any CPU
		{FBAD5115-FFA6-4366-8CE2-A694AEEC63AF}.Release|Any CPU.ActiveCfg = Release|Any CPU
		{FBAD5115-FFA6-4366-8CE2-A694AEEC63AF}.Release|Any CPU.Build.0 = Release|Any CPU
		{FBAD5115-FFA6-4366-8CE2-A694AEEC63AF}.Release|iPhone.ActiveCfg = Release|Any CPU
		{FBAD5115-FFA6-4366-8CE2-A694AEEC63AF}.Release|iPhone.Build.0 = Release|Any CPU
		{FBAD5115-FFA6-4366-8CE2-A694AEEC63AF}.Release|iPhoneSimulator.ActiveCfg = Release|Any CPU
		{FBAD5115-FFA6-4366-8CE2-A694AEEC63AF}.Release|iPhoneSimulator.Build.0 = Release|Any CPU
		{6F2270CD-3D01-4DE7-8272-A08A60EA6BA1}.Debug|Any CPU.ActiveCfg = Debug|Any CPU
		{6F2270CD-3D01-4DE7-8272-A08A60EA6BA1}.Debug|Any CPU.Build.0 = Debug|Any CPU
		{6F2270CD-3D01-4DE7-8272-A08A60EA6BA1}.Debug|iPhone.ActiveCfg = Debug|Any CPU
		{6F2270CD-3D01-4DE7-8272-A08A60EA6BA1}.Debug|iPhone.Build.0 = Debug|Any CPU
		{6F2270CD-3D01-4DE7-8272-A08A60EA6BA1}.Debug|iPhoneSimulator.ActiveCfg = Debug|Any CPU
		{6F2270CD-3D01-4DE7-8272-A08A60EA6BA1}.Debug|iPhoneSimulator.Build.0 = Debug|Any CPU
		{6F2270CD-3D01-4DE7-8272-A08A60EA6BA1}.Release|Any CPU.ActiveCfg = Release|Any CPU
		{6F2270CD-3D01-4DE7-8272-A08A60EA6BA1}.Release|Any CPU.Build.0 = Release|Any CPU
		{6F2270CD-3D01-4DE7-8272-A08A60EA6BA1}.Release|iPhone.ActiveCfg = Release|Any CPU
		{6F2270CD-3D01-4DE7-8272-A08A60EA6BA1}.Release|iPhone.Build.0 = Release|Any CPU
		{6F2270CD-3D01-4DE7-8272-A08A60EA6BA1}.Release|iPhoneSimulator.ActiveCfg = Release|Any CPU
		{6F2270CD-3D01-4DE7-8272-A08A60EA6BA1}.Release|iPhoneSimulator.Build.0 = Release|Any CPU
		{5AFA97B0-2284-45C5-8A81-9A202E7A6DD0}.Debug|Any CPU.ActiveCfg = Debug|Any CPU
		{5AFA97B0-2284-45C5-8A81-9A202E7A6DD0}.Debug|Any CPU.Build.0 = Debug|Any CPU
		{5AFA97B0-2284-45C5-8A81-9A202E7A6DD0}.Debug|iPhone.ActiveCfg = Debug|Any CPU
		{5AFA97B0-2284-45C5-8A81-9A202E7A6DD0}.Debug|iPhone.Build.0 = Debug|Any CPU
		{5AFA97B0-2284-45C5-8A81-9A202E7A6DD0}.Debug|iPhoneSimulator.ActiveCfg = Debug|Any CPU
		{5AFA97B0-2284-45C5-8A81-9A202E7A6DD0}.Debug|iPhoneSimulator.Build.0 = Debug|Any CPU
		{5AFA97B0-2284-45C5-8A81-9A202E7A6DD0}.Release|Any CPU.ActiveCfg = Release|Any CPU
		{5AFA97B0-2284-45C5-8A81-9A202E7A6DD0}.Release|Any CPU.Build.0 = Release|Any CPU
		{5AFA97B0-2284-45C5-8A81-9A202E7A6DD0}.Release|iPhone.ActiveCfg = Release|Any CPU
		{5AFA97B0-2284-45C5-8A81-9A202E7A6DD0}.Release|iPhone.Build.0 = Release|Any CPU
		{5AFA97B0-2284-45C5-8A81-9A202E7A6DD0}.Release|iPhoneSimulator.ActiveCfg = Release|Any CPU
		{5AFA97B0-2284-45C5-8A81-9A202E7A6DD0}.Release|iPhoneSimulator.Build.0 = Release|Any CPU
		{72EC3B6E-9EBE-4C41-98DA-D17FC4DB2C6C}.Debug|Any CPU.ActiveCfg = Debug|Any CPU
		{72EC3B6E-9EBE-4C41-98DA-D17FC4DB2C6C}.Debug|Any CPU.Build.0 = Debug|Any CPU
		{72EC3B6E-9EBE-4C41-98DA-D17FC4DB2C6C}.Debug|iPhone.ActiveCfg = Debug|Any CPU
		{72EC3B6E-9EBE-4C41-98DA-D17FC4DB2C6C}.Debug|iPhone.Build.0 = Debug|Any CPU
		{72EC3B6E-9EBE-4C41-98DA-D17FC4DB2C6C}.Debug|iPhoneSimulator.ActiveCfg = Debug|Any CPU
		{72EC3B6E-9EBE-4C41-98DA-D17FC4DB2C6C}.Debug|iPhoneSimulator.Build.0 = Debug|Any CPU
		{72EC3B6E-9EBE-4C41-98DA-D17FC4DB2C6C}.Release|Any CPU.ActiveCfg = Release|Any CPU
		{72EC3B6E-9EBE-4C41-98DA-D17FC4DB2C6C}.Release|Any CPU.Build.0 = Release|Any CPU
		{72EC3B6E-9EBE-4C41-98DA-D17FC4DB2C6C}.Release|iPhone.ActiveCfg = Release|Any CPU
		{72EC3B6E-9EBE-4C41-98DA-D17FC4DB2C6C}.Release|iPhone.Build.0 = Release|Any CPU
		{72EC3B6E-9EBE-4C41-98DA-D17FC4DB2C6C}.Release|iPhoneSimulator.ActiveCfg = Release|Any CPU
		{72EC3B6E-9EBE-4C41-98DA-D17FC4DB2C6C}.Release|iPhoneSimulator.Build.0 = Release|Any CPU
		{013B589F-3F10-4242-83BB-8F634C2B0374}.Debug|Any CPU.ActiveCfg = Debug|Any CPU
		{013B589F-3F10-4242-83BB-8F634C2B0374}.Debug|Any CPU.Build.0 = Debug|Any CPU
		{013B589F-3F10-4242-83BB-8F634C2B0374}.Debug|iPhone.ActiveCfg = Debug|Any CPU
		{013B589F-3F10-4242-83BB-8F634C2B0374}.Debug|iPhone.Build.0 = Debug|Any CPU
		{013B589F-3F10-4242-83BB-8F634C2B0374}.Debug|iPhoneSimulator.ActiveCfg = Debug|Any CPU
		{013B589F-3F10-4242-83BB-8F634C2B0374}.Debug|iPhoneSimulator.Build.0 = Debug|Any CPU
		{013B589F-3F10-4242-83BB-8F634C2B0374}.Release|Any CPU.ActiveCfg = Release|Any CPU
		{013B589F-3F10-4242-83BB-8F634C2B0374}.Release|Any CPU.Build.0 = Release|Any CPU
		{013B589F-3F10-4242-83BB-8F634C2B0374}.Release|iPhone.ActiveCfg = Release|Any CPU
		{013B589F-3F10-4242-83BB-8F634C2B0374}.Release|iPhone.Build.0 = Release|Any CPU
		{013B589F-3F10-4242-83BB-8F634C2B0374}.Release|iPhoneSimulator.ActiveCfg = Release|Any CPU
		{013B589F-3F10-4242-83BB-8F634C2B0374}.Release|iPhoneSimulator.Build.0 = Release|Any CPU
		{9A1D2EFC-71D4-4B1C-A786-D369AE6DE21C}.Debug|Any CPU.ActiveCfg = Debug|Any CPU
		{9A1D2EFC-71D4-4B1C-A786-D369AE6DE21C}.Debug|Any CPU.Build.0 = Debug|Any CPU
		{9A1D2EFC-71D4-4B1C-A786-D369AE6DE21C}.Debug|iPhone.ActiveCfg = Debug|Any CPU
		{9A1D2EFC-71D4-4B1C-A786-D369AE6DE21C}.Debug|iPhone.Build.0 = Debug|Any CPU
		{9A1D2EFC-71D4-4B1C-A786-D369AE6DE21C}.Debug|iPhoneSimulator.ActiveCfg = Debug|Any CPU
		{9A1D2EFC-71D4-4B1C-A786-D369AE6DE21C}.Debug|iPhoneSimulator.Build.0 = Debug|Any CPU
		{9A1D2EFC-71D4-4B1C-A786-D369AE6DE21C}.Release|Any CPU.ActiveCfg = Release|Any CPU
		{9A1D2EFC-71D4-4B1C-A786-D369AE6DE21C}.Release|Any CPU.Build.0 = Release|Any CPU
		{9A1D2EFC-71D4-4B1C-A786-D369AE6DE21C}.Release|iPhone.ActiveCfg = Release|Any CPU
		{9A1D2EFC-71D4-4B1C-A786-D369AE6DE21C}.Release|iPhone.Build.0 = Release|Any CPU
		{9A1D2EFC-71D4-4B1C-A786-D369AE6DE21C}.Release|iPhoneSimulator.ActiveCfg = Release|Any CPU
		{9A1D2EFC-71D4-4B1C-A786-D369AE6DE21C}.Release|iPhoneSimulator.Build.0 = Release|Any CPU
		{5DCA2570-B163-47E1-9F72-9D2E8705AFE5}.Debug|Any CPU.ActiveCfg = Debug|Any CPU
		{5DCA2570-B163-47E1-9F72-9D2E8705AFE5}.Debug|Any CPU.Build.0 = Debug|Any CPU
		{5DCA2570-B163-47E1-9F72-9D2E8705AFE5}.Debug|iPhone.ActiveCfg = Debug|Any CPU
		{5DCA2570-B163-47E1-9F72-9D2E8705AFE5}.Debug|iPhone.Build.0 = Debug|Any CPU
		{5DCA2570-B163-47E1-9F72-9D2E8705AFE5}.Debug|iPhoneSimulator.ActiveCfg = Debug|Any CPU
		{5DCA2570-B163-47E1-9F72-9D2E8705AFE5}.Debug|iPhoneSimulator.Build.0 = Debug|Any CPU
		{5DCA2570-B163-47E1-9F72-9D2E8705AFE5}.Release|Any CPU.ActiveCfg = Release|Any CPU
		{5DCA2570-B163-47E1-9F72-9D2E8705AFE5}.Release|Any CPU.Build.0 = Release|Any CPU
		{5DCA2570-B163-47E1-9F72-9D2E8705AFE5}.Release|iPhone.ActiveCfg = Release|Any CPU
		{5DCA2570-B163-47E1-9F72-9D2E8705AFE5}.Release|iPhone.Build.0 = Release|Any CPU
		{5DCA2570-B163-47E1-9F72-9D2E8705AFE5}.Release|iPhoneSimulator.ActiveCfg = Release|Any CPU
		{5DCA2570-B163-47E1-9F72-9D2E8705AFE5}.Release|iPhoneSimulator.Build.0 = Release|Any CPU
		{71F2AFA5-CD23-492D-B108-12D41CA3817E}.Debug|Any CPU.ActiveCfg = Debug|Any CPU
		{71F2AFA5-CD23-492D-B108-12D41CA3817E}.Debug|Any CPU.Build.0 = Debug|Any CPU
		{71F2AFA5-CD23-492D-B108-12D41CA3817E}.Debug|iPhone.ActiveCfg = Debug|Any CPU
		{71F2AFA5-CD23-492D-B108-12D41CA3817E}.Debug|iPhone.Build.0 = Debug|Any CPU
		{71F2AFA5-CD23-492D-B108-12D41CA3817E}.Debug|iPhoneSimulator.ActiveCfg = Debug|Any CPU
		{71F2AFA5-CD23-492D-B108-12D41CA3817E}.Debug|iPhoneSimulator.Build.0 = Debug|Any CPU
		{71F2AFA5-CD23-492D-B108-12D41CA3817E}.Release|Any CPU.ActiveCfg = Release|Any CPU
		{71F2AFA5-CD23-492D-B108-12D41CA3817E}.Release|Any CPU.Build.0 = Release|Any CPU
		{71F2AFA5-CD23-492D-B108-12D41CA3817E}.Release|iPhone.ActiveCfg = Release|Any CPU
		{71F2AFA5-CD23-492D-B108-12D41CA3817E}.Release|iPhone.Build.0 = Release|Any CPU
		{71F2AFA5-CD23-492D-B108-12D41CA3817E}.Release|iPhoneSimulator.ActiveCfg = Release|Any CPU
		{71F2AFA5-CD23-492D-B108-12D41CA3817E}.Release|iPhoneSimulator.Build.0 = Release|Any CPU
		{85D02D02-C420-4386-964D-F1F564D125CF}.Debug|Any CPU.ActiveCfg = Debug|Any CPU
		{85D02D02-C420-4386-964D-F1F564D125CF}.Debug|Any CPU.Build.0 = Debug|Any CPU
		{85D02D02-C420-4386-964D-F1F564D125CF}.Debug|iPhone.ActiveCfg = Debug|Any CPU
		{85D02D02-C420-4386-964D-F1F564D125CF}.Debug|iPhone.Build.0 = Debug|Any CPU
		{85D02D02-C420-4386-964D-F1F564D125CF}.Debug|iPhoneSimulator.ActiveCfg = Debug|Any CPU
		{85D02D02-C420-4386-964D-F1F564D125CF}.Debug|iPhoneSimulator.Build.0 = Debug|Any CPU
		{85D02D02-C420-4386-964D-F1F564D125CF}.Release|Any CPU.ActiveCfg = Release|Any CPU
		{85D02D02-C420-4386-964D-F1F564D125CF}.Release|Any CPU.Build.0 = Release|Any CPU
		{85D02D02-C420-4386-964D-F1F564D125CF}.Release|iPhone.ActiveCfg = Release|Any CPU
		{85D02D02-C420-4386-964D-F1F564D125CF}.Release|iPhone.Build.0 = Release|Any CPU
		{85D02D02-C420-4386-964D-F1F564D125CF}.Release|iPhoneSimulator.ActiveCfg = Release|Any CPU
		{85D02D02-C420-4386-964D-F1F564D125CF}.Release|iPhoneSimulator.Build.0 = Release|Any CPU
		{12D78452-60AC-4D06-9E2D-FEBBBA7810F8}.Debug|Any CPU.ActiveCfg = Debug|Any CPU
		{12D78452-60AC-4D06-9E2D-FEBBBA7810F8}.Debug|Any CPU.Build.0 = Debug|Any CPU
		{12D78452-60AC-4D06-9E2D-FEBBBA7810F8}.Debug|iPhone.ActiveCfg = Debug|Any CPU
		{12D78452-60AC-4D06-9E2D-FEBBBA7810F8}.Debug|iPhone.Build.0 = Debug|Any CPU
		{12D78452-60AC-4D06-9E2D-FEBBBA7810F8}.Debug|iPhoneSimulator.ActiveCfg = Debug|Any CPU
		{12D78452-60AC-4D06-9E2D-FEBBBA7810F8}.Debug|iPhoneSimulator.Build.0 = Debug|Any CPU
		{12D78452-60AC-4D06-9E2D-FEBBBA7810F8}.Release|Any CPU.ActiveCfg = Release|Any CPU
		{12D78452-60AC-4D06-9E2D-FEBBBA7810F8}.Release|Any CPU.Build.0 = Release|Any CPU
		{12D78452-60AC-4D06-9E2D-FEBBBA7810F8}.Release|iPhone.ActiveCfg = Release|Any CPU
		{12D78452-60AC-4D06-9E2D-FEBBBA7810F8}.Release|iPhone.Build.0 = Release|Any CPU
		{12D78452-60AC-4D06-9E2D-FEBBBA7810F8}.Release|iPhoneSimulator.ActiveCfg = Release|Any CPU
		{12D78452-60AC-4D06-9E2D-FEBBBA7810F8}.Release|iPhoneSimulator.Build.0 = Release|Any CPU
		{2440C424-028F-4230-AC79-F4D24B5EEF04}.Debug|Any CPU.ActiveCfg = Debug|Any CPU
		{2440C424-028F-4230-AC79-F4D24B5EEF04}.Debug|Any CPU.Build.0 = Debug|Any CPU
		{2440C424-028F-4230-AC79-F4D24B5EEF04}.Debug|iPhone.ActiveCfg = Debug|Any CPU
		{2440C424-028F-4230-AC79-F4D24B5EEF04}.Debug|iPhone.Build.0 = Debug|Any CPU
		{2440C424-028F-4230-AC79-F4D24B5EEF04}.Debug|iPhoneSimulator.ActiveCfg = Debug|Any CPU
		{2440C424-028F-4230-AC79-F4D24B5EEF04}.Debug|iPhoneSimulator.Build.0 = Debug|Any CPU
		{2440C424-028F-4230-AC79-F4D24B5EEF04}.Release|Any CPU.ActiveCfg = Release|Any CPU
		{2440C424-028F-4230-AC79-F4D24B5EEF04}.Release|Any CPU.Build.0 = Release|Any CPU
		{2440C424-028F-4230-AC79-F4D24B5EEF04}.Release|iPhone.ActiveCfg = Release|Any CPU
		{2440C424-028F-4230-AC79-F4D24B5EEF04}.Release|iPhone.Build.0 = Release|Any CPU
		{2440C424-028F-4230-AC79-F4D24B5EEF04}.Release|iPhoneSimulator.ActiveCfg = Release|Any CPU
		{2440C424-028F-4230-AC79-F4D24B5EEF04}.Release|iPhoneSimulator.Build.0 = Release|Any CPU
		{CA4784CC-63FC-4152-9057-AD92F4E1FC69}.Debug|Any CPU.ActiveCfg = Debug|Any CPU
		{CA4784CC-63FC-4152-9057-AD92F4E1FC69}.Debug|Any CPU.Build.0 = Debug|Any CPU
		{CA4784CC-63FC-4152-9057-AD92F4E1FC69}.Debug|iPhone.ActiveCfg = Debug|Any CPU
		{CA4784CC-63FC-4152-9057-AD92F4E1FC69}.Debug|iPhone.Build.0 = Debug|Any CPU
		{CA4784CC-63FC-4152-9057-AD92F4E1FC69}.Debug|iPhoneSimulator.ActiveCfg = Debug|Any CPU
		{CA4784CC-63FC-4152-9057-AD92F4E1FC69}.Debug|iPhoneSimulator.Build.0 = Debug|Any CPU
		{CA4784CC-63FC-4152-9057-AD92F4E1FC69}.Release|Any CPU.ActiveCfg = Release|Any CPU
		{CA4784CC-63FC-4152-9057-AD92F4E1FC69}.Release|Any CPU.Build.0 = Release|Any CPU
		{CA4784CC-63FC-4152-9057-AD92F4E1FC69}.Release|iPhone.ActiveCfg = Release|Any CPU
		{CA4784CC-63FC-4152-9057-AD92F4E1FC69}.Release|iPhone.Build.0 = Release|Any CPU
		{CA4784CC-63FC-4152-9057-AD92F4E1FC69}.Release|iPhoneSimulator.ActiveCfg = Release|Any CPU
		{CA4784CC-63FC-4152-9057-AD92F4E1FC69}.Release|iPhoneSimulator.Build.0 = Release|Any CPU
		{618A98FE-930B-4B34-A242-BF3A599E0B62}.Debug|Any CPU.ActiveCfg = Debug|Any CPU
		{618A98FE-930B-4B34-A242-BF3A599E0B62}.Debug|Any CPU.Build.0 = Debug|Any CPU
		{618A98FE-930B-4B34-A242-BF3A599E0B62}.Debug|iPhone.ActiveCfg = Debug|Any CPU
		{618A98FE-930B-4B34-A242-BF3A599E0B62}.Debug|iPhone.Build.0 = Debug|Any CPU
		{618A98FE-930B-4B34-A242-BF3A599E0B62}.Debug|iPhoneSimulator.ActiveCfg = Debug|Any CPU
		{618A98FE-930B-4B34-A242-BF3A599E0B62}.Debug|iPhoneSimulator.Build.0 = Debug|Any CPU
		{618A98FE-930B-4B34-A242-BF3A599E0B62}.Release|Any CPU.ActiveCfg = Release|Any CPU
		{618A98FE-930B-4B34-A242-BF3A599E0B62}.Release|Any CPU.Build.0 = Release|Any CPU
		{618A98FE-930B-4B34-A242-BF3A599E0B62}.Release|iPhone.ActiveCfg = Release|Any CPU
		{618A98FE-930B-4B34-A242-BF3A599E0B62}.Release|iPhone.Build.0 = Release|Any CPU
		{618A98FE-930B-4B34-A242-BF3A599E0B62}.Release|iPhoneSimulator.ActiveCfg = Release|Any CPU
		{618A98FE-930B-4B34-A242-BF3A599E0B62}.Release|iPhoneSimulator.Build.0 = Release|Any CPU
		{9BA650B7-1EA7-4E46-9667-382DBCD20F1D}.Debug|Any CPU.ActiveCfg = Debug|Any CPU
		{9BA650B7-1EA7-4E46-9667-382DBCD20F1D}.Debug|Any CPU.Build.0 = Debug|Any CPU
		{9BA650B7-1EA7-4E46-9667-382DBCD20F1D}.Debug|iPhone.ActiveCfg = Debug|Any CPU
		{9BA650B7-1EA7-4E46-9667-382DBCD20F1D}.Debug|iPhone.Build.0 = Debug|Any CPU
		{9BA650B7-1EA7-4E46-9667-382DBCD20F1D}.Debug|iPhoneSimulator.ActiveCfg = Debug|Any CPU
		{9BA650B7-1EA7-4E46-9667-382DBCD20F1D}.Debug|iPhoneSimulator.Build.0 = Debug|Any CPU
		{9BA650B7-1EA7-4E46-9667-382DBCD20F1D}.Release|Any CPU.ActiveCfg = Release|Any CPU
		{9BA650B7-1EA7-4E46-9667-382DBCD20F1D}.Release|Any CPU.Build.0 = Release|Any CPU
		{9BA650B7-1EA7-4E46-9667-382DBCD20F1D}.Release|iPhone.ActiveCfg = Release|Any CPU
		{9BA650B7-1EA7-4E46-9667-382DBCD20F1D}.Release|iPhone.Build.0 = Release|Any CPU
		{9BA650B7-1EA7-4E46-9667-382DBCD20F1D}.Release|iPhoneSimulator.ActiveCfg = Release|Any CPU
		{9BA650B7-1EA7-4E46-9667-382DBCD20F1D}.Release|iPhoneSimulator.Build.0 = Release|Any CPU
		{F4505D5C-DEA0-4C65-A6D6-D41B5696F4B1}.Debug|Any CPU.ActiveCfg = Debug|Any CPU
		{F4505D5C-DEA0-4C65-A6D6-D41B5696F4B1}.Debug|Any CPU.Build.0 = Debug|Any CPU
		{F4505D5C-DEA0-4C65-A6D6-D41B5696F4B1}.Debug|iPhone.ActiveCfg = Debug|Any CPU
		{F4505D5C-DEA0-4C65-A6D6-D41B5696F4B1}.Debug|iPhone.Build.0 = Debug|Any CPU
		{F4505D5C-DEA0-4C65-A6D6-D41B5696F4B1}.Debug|iPhoneSimulator.ActiveCfg = Debug|Any CPU
		{F4505D5C-DEA0-4C65-A6D6-D41B5696F4B1}.Debug|iPhoneSimulator.Build.0 = Debug|Any CPU
		{F4505D5C-DEA0-4C65-A6D6-D41B5696F4B1}.Release|Any CPU.ActiveCfg = Release|Any CPU
		{F4505D5C-DEA0-4C65-A6D6-D41B5696F4B1}.Release|Any CPU.Build.0 = Release|Any CPU
		{F4505D5C-DEA0-4C65-A6D6-D41B5696F4B1}.Release|iPhone.ActiveCfg = Release|Any CPU
		{F4505D5C-DEA0-4C65-A6D6-D41B5696F4B1}.Release|iPhone.Build.0 = Release|Any CPU
		{F4505D5C-DEA0-4C65-A6D6-D41B5696F4B1}.Release|iPhoneSimulator.ActiveCfg = Release|Any CPU
		{F4505D5C-DEA0-4C65-A6D6-D41B5696F4B1}.Release|iPhoneSimulator.Build.0 = Release|Any CPU
		{8892538B-5B1A-4335-90FB-4DB266A0213B}.Debug|Any CPU.ActiveCfg = Debug|Any CPU
		{8892538B-5B1A-4335-90FB-4DB266A0213B}.Debug|Any CPU.Build.0 = Debug|Any CPU
		{8892538B-5B1A-4335-90FB-4DB266A0213B}.Debug|iPhone.ActiveCfg = Debug|Any CPU
		{8892538B-5B1A-4335-90FB-4DB266A0213B}.Debug|iPhone.Build.0 = Debug|Any CPU
		{8892538B-5B1A-4335-90FB-4DB266A0213B}.Debug|iPhoneSimulator.ActiveCfg = Debug|Any CPU
		{8892538B-5B1A-4335-90FB-4DB266A0213B}.Debug|iPhoneSimulator.Build.0 = Debug|Any CPU
		{8892538B-5B1A-4335-90FB-4DB266A0213B}.Release|Any CPU.ActiveCfg = Release|Any CPU
		{8892538B-5B1A-4335-90FB-4DB266A0213B}.Release|Any CPU.Build.0 = Release|Any CPU
		{8892538B-5B1A-4335-90FB-4DB266A0213B}.Release|iPhone.ActiveCfg = Release|Any CPU
		{8892538B-5B1A-4335-90FB-4DB266A0213B}.Release|iPhone.Build.0 = Release|Any CPU
		{8892538B-5B1A-4335-90FB-4DB266A0213B}.Release|iPhoneSimulator.ActiveCfg = Release|Any CPU
		{8892538B-5B1A-4335-90FB-4DB266A0213B}.Release|iPhoneSimulator.Build.0 = Release|Any CPU
		{0083CDC4-9379-4EE5-BF25-484BF1232666}.Debug|Any CPU.ActiveCfg = Debug|Any CPU
		{0083CDC4-9379-4EE5-BF25-484BF1232666}.Debug|Any CPU.Build.0 = Debug|Any CPU
		{0083CDC4-9379-4EE5-BF25-484BF1232666}.Debug|iPhone.ActiveCfg = Debug|Any CPU
		{0083CDC4-9379-4EE5-BF25-484BF1232666}.Debug|iPhone.Build.0 = Debug|Any CPU
		{0083CDC4-9379-4EE5-BF25-484BF1232666}.Debug|iPhoneSimulator.ActiveCfg = Debug|Any CPU
		{0083CDC4-9379-4EE5-BF25-484BF1232666}.Debug|iPhoneSimulator.Build.0 = Debug|Any CPU
		{0083CDC4-9379-4EE5-BF25-484BF1232666}.Release|Any CPU.ActiveCfg = Release|Any CPU
		{0083CDC4-9379-4EE5-BF25-484BF1232666}.Release|Any CPU.Build.0 = Release|Any CPU
		{0083CDC4-9379-4EE5-BF25-484BF1232666}.Release|iPhone.ActiveCfg = Release|Any CPU
		{0083CDC4-9379-4EE5-BF25-484BF1232666}.Release|iPhone.Build.0 = Release|Any CPU
		{0083CDC4-9379-4EE5-BF25-484BF1232666}.Release|iPhoneSimulator.ActiveCfg = Release|Any CPU
		{0083CDC4-9379-4EE5-BF25-484BF1232666}.Release|iPhoneSimulator.Build.0 = Release|Any CPU
		{79FC63BB-EB9D-4C1B-9BEE-AE6F10CEF8FB}.Debug|Any CPU.ActiveCfg = Debug|Any CPU
		{79FC63BB-EB9D-4C1B-9BEE-AE6F10CEF8FB}.Debug|Any CPU.Build.0 = Debug|Any CPU
		{79FC63BB-EB9D-4C1B-9BEE-AE6F10CEF8FB}.Debug|iPhone.ActiveCfg = Debug|Any CPU
		{79FC63BB-EB9D-4C1B-9BEE-AE6F10CEF8FB}.Debug|iPhone.Build.0 = Debug|Any CPU
		{79FC63BB-EB9D-4C1B-9BEE-AE6F10CEF8FB}.Debug|iPhoneSimulator.ActiveCfg = Debug|Any CPU
		{79FC63BB-EB9D-4C1B-9BEE-AE6F10CEF8FB}.Debug|iPhoneSimulator.Build.0 = Debug|Any CPU
		{79FC63BB-EB9D-4C1B-9BEE-AE6F10CEF8FB}.Release|Any CPU.ActiveCfg = Release|Any CPU
		{79FC63BB-EB9D-4C1B-9BEE-AE6F10CEF8FB}.Release|Any CPU.Build.0 = Release|Any CPU
		{79FC63BB-EB9D-4C1B-9BEE-AE6F10CEF8FB}.Release|iPhone.ActiveCfg = Release|Any CPU
		{79FC63BB-EB9D-4C1B-9BEE-AE6F10CEF8FB}.Release|iPhone.Build.0 = Release|Any CPU
		{79FC63BB-EB9D-4C1B-9BEE-AE6F10CEF8FB}.Release|iPhoneSimulator.ActiveCfg = Release|Any CPU
		{79FC63BB-EB9D-4C1B-9BEE-AE6F10CEF8FB}.Release|iPhoneSimulator.Build.0 = Release|Any CPU
		{04D3C998-A8B9-45B2-BE84-D8DD9C61621D}.Debug|Any CPU.ActiveCfg = Debug|Any CPU
		{04D3C998-A8B9-45B2-BE84-D8DD9C61621D}.Debug|Any CPU.Build.0 = Debug|Any CPU
		{04D3C998-A8B9-45B2-BE84-D8DD9C61621D}.Debug|iPhone.ActiveCfg = Debug|Any CPU
		{04D3C998-A8B9-45B2-BE84-D8DD9C61621D}.Debug|iPhone.Build.0 = Debug|Any CPU
		{04D3C998-A8B9-45B2-BE84-D8DD9C61621D}.Debug|iPhoneSimulator.ActiveCfg = Debug|Any CPU
		{04D3C998-A8B9-45B2-BE84-D8DD9C61621D}.Debug|iPhoneSimulator.Build.0 = Debug|Any CPU
		{04D3C998-A8B9-45B2-BE84-D8DD9C61621D}.Release|Any CPU.ActiveCfg = Release|Any CPU
		{04D3C998-A8B9-45B2-BE84-D8DD9C61621D}.Release|Any CPU.Build.0 = Release|Any CPU
		{04D3C998-A8B9-45B2-BE84-D8DD9C61621D}.Release|iPhone.ActiveCfg = Release|Any CPU
		{04D3C998-A8B9-45B2-BE84-D8DD9C61621D}.Release|iPhone.Build.0 = Release|Any CPU
		{04D3C998-A8B9-45B2-BE84-D8DD9C61621D}.Release|iPhoneSimulator.ActiveCfg = Release|Any CPU
		{04D3C998-A8B9-45B2-BE84-D8DD9C61621D}.Release|iPhoneSimulator.Build.0 = Release|Any CPU
		{69F8044C-E9AF-4EB5-BA65-DE0D921B0899}.Debug|Any CPU.ActiveCfg = Debug|Any CPU
		{69F8044C-E9AF-4EB5-BA65-DE0D921B0899}.Debug|Any CPU.Build.0 = Debug|Any CPU
		{69F8044C-E9AF-4EB5-BA65-DE0D921B0899}.Debug|iPhone.ActiveCfg = Debug|Any CPU
		{69F8044C-E9AF-4EB5-BA65-DE0D921B0899}.Debug|iPhone.Build.0 = Debug|Any CPU
		{69F8044C-E9AF-4EB5-BA65-DE0D921B0899}.Debug|iPhoneSimulator.ActiveCfg = Debug|Any CPU
		{69F8044C-E9AF-4EB5-BA65-DE0D921B0899}.Debug|iPhoneSimulator.Build.0 = Debug|Any CPU
		{69F8044C-E9AF-4EB5-BA65-DE0D921B0899}.Release|Any CPU.ActiveCfg = Release|Any CPU
		{69F8044C-E9AF-4EB5-BA65-DE0D921B0899}.Release|Any CPU.Build.0 = Release|Any CPU
		{69F8044C-E9AF-4EB5-BA65-DE0D921B0899}.Release|iPhone.ActiveCfg = Release|Any CPU
		{69F8044C-E9AF-4EB5-BA65-DE0D921B0899}.Release|iPhone.Build.0 = Release|Any CPU
		{69F8044C-E9AF-4EB5-BA65-DE0D921B0899}.Release|iPhoneSimulator.ActiveCfg = Release|Any CPU
		{69F8044C-E9AF-4EB5-BA65-DE0D921B0899}.Release|iPhoneSimulator.Build.0 = Release|Any CPU
		{02DFF897-E307-4070-B871-FC51D716EB20}.Debug|Any CPU.ActiveCfg = Debug|Any CPU
		{02DFF897-E307-4070-B871-FC51D716EB20}.Debug|Any CPU.Build.0 = Debug|Any CPU
		{02DFF897-E307-4070-B871-FC51D716EB20}.Debug|iPhone.ActiveCfg = Debug|Any CPU
		{02DFF897-E307-4070-B871-FC51D716EB20}.Debug|iPhone.Build.0 = Debug|Any CPU
		{02DFF897-E307-4070-B871-FC51D716EB20}.Debug|iPhoneSimulator.ActiveCfg = Debug|Any CPU
		{02DFF897-E307-4070-B871-FC51D716EB20}.Debug|iPhoneSimulator.Build.0 = Debug|Any CPU
		{02DFF897-E307-4070-B871-FC51D716EB20}.Release|Any CPU.ActiveCfg = Release|Any CPU
		{02DFF897-E307-4070-B871-FC51D716EB20}.Release|Any CPU.Build.0 = Release|Any CPU
		{02DFF897-E307-4070-B871-FC51D716EB20}.Release|iPhone.ActiveCfg = Release|Any CPU
		{02DFF897-E307-4070-B871-FC51D716EB20}.Release|iPhone.Build.0 = Release|Any CPU
		{02DFF897-E307-4070-B871-FC51D716EB20}.Release|iPhoneSimulator.ActiveCfg = Release|Any CPU
		{02DFF897-E307-4070-B871-FC51D716EB20}.Release|iPhoneSimulator.Build.0 = Release|Any CPU
		{379B413D-F3CA-4A6F-9B36-AE61BBEB4D9D}.Debug|Any CPU.ActiveCfg = Debug|Any CPU
		{379B413D-F3CA-4A6F-9B36-AE61BBEB4D9D}.Debug|Any CPU.Build.0 = Debug|Any CPU
		{379B413D-F3CA-4A6F-9B36-AE61BBEB4D9D}.Debug|iPhone.ActiveCfg = Debug|Any CPU
		{379B413D-F3CA-4A6F-9B36-AE61BBEB4D9D}.Debug|iPhone.Build.0 = Debug|Any CPU
		{379B413D-F3CA-4A6F-9B36-AE61BBEB4D9D}.Debug|iPhoneSimulator.ActiveCfg = Debug|Any CPU
		{379B413D-F3CA-4A6F-9B36-AE61BBEB4D9D}.Debug|iPhoneSimulator.Build.0 = Debug|Any CPU
		{379B413D-F3CA-4A6F-9B36-AE61BBEB4D9D}.Release|Any CPU.ActiveCfg = Release|Any CPU
		{379B413D-F3CA-4A6F-9B36-AE61BBEB4D9D}.Release|Any CPU.Build.0 = Release|Any CPU
		{379B413D-F3CA-4A6F-9B36-AE61BBEB4D9D}.Release|iPhone.ActiveCfg = Release|Any CPU
		{379B413D-F3CA-4A6F-9B36-AE61BBEB4D9D}.Release|iPhone.Build.0 = Release|Any CPU
		{379B413D-F3CA-4A6F-9B36-AE61BBEB4D9D}.Release|iPhoneSimulator.ActiveCfg = Release|Any CPU
		{379B413D-F3CA-4A6F-9B36-AE61BBEB4D9D}.Release|iPhoneSimulator.Build.0 = Release|Any CPU
		{3B7DE254-B9BC-401D-B4AE-AE851E0797E1}.Debug|Any CPU.ActiveCfg = Debug|Any CPU
		{3B7DE254-B9BC-401D-B4AE-AE851E0797E1}.Debug|Any CPU.Build.0 = Debug|Any CPU
		{3B7DE254-B9BC-401D-B4AE-AE851E0797E1}.Debug|iPhone.ActiveCfg = Debug|Any CPU
		{3B7DE254-B9BC-401D-B4AE-AE851E0797E1}.Debug|iPhone.Build.0 = Debug|Any CPU
		{3B7DE254-B9BC-401D-B4AE-AE851E0797E1}.Debug|iPhoneSimulator.ActiveCfg = Debug|Any CPU
		{3B7DE254-B9BC-401D-B4AE-AE851E0797E1}.Debug|iPhoneSimulator.Build.0 = Debug|Any CPU
		{3B7DE254-B9BC-401D-B4AE-AE851E0797E1}.Release|Any CPU.ActiveCfg = Release|Any CPU
		{3B7DE254-B9BC-401D-B4AE-AE851E0797E1}.Release|Any CPU.Build.0 = Release|Any CPU
		{3B7DE254-B9BC-401D-B4AE-AE851E0797E1}.Release|iPhone.ActiveCfg = Release|Any CPU
		{3B7DE254-B9BC-401D-B4AE-AE851E0797E1}.Release|iPhone.Build.0 = Release|Any CPU
		{3B7DE254-B9BC-401D-B4AE-AE851E0797E1}.Release|iPhoneSimulator.ActiveCfg = Release|Any CPU
		{3B7DE254-B9BC-401D-B4AE-AE851E0797E1}.Release|iPhoneSimulator.Build.0 = Release|Any CPU
		{AB2D34E4-7F1A-4088-A97F-0C0C9672EAE9}.Debug|Any CPU.ActiveCfg = Debug|Any CPU
		{AB2D34E4-7F1A-4088-A97F-0C0C9672EAE9}.Debug|Any CPU.Build.0 = Debug|Any CPU
		{AB2D34E4-7F1A-4088-A97F-0C0C9672EAE9}.Debug|iPhone.ActiveCfg = Debug|Any CPU
		{AB2D34E4-7F1A-4088-A97F-0C0C9672EAE9}.Debug|iPhone.Build.0 = Debug|Any CPU
		{AB2D34E4-7F1A-4088-A97F-0C0C9672EAE9}.Debug|iPhoneSimulator.ActiveCfg = Debug|Any CPU
		{AB2D34E4-7F1A-4088-A97F-0C0C9672EAE9}.Debug|iPhoneSimulator.Build.0 = Debug|Any CPU
		{AB2D34E4-7F1A-4088-A97F-0C0C9672EAE9}.Release|Any CPU.ActiveCfg = Release|Any CPU
		{AB2D34E4-7F1A-4088-A97F-0C0C9672EAE9}.Release|Any CPU.Build.0 = Release|Any CPU
		{AB2D34E4-7F1A-4088-A97F-0C0C9672EAE9}.Release|iPhone.ActiveCfg = Release|Any CPU
		{AB2D34E4-7F1A-4088-A97F-0C0C9672EAE9}.Release|iPhone.Build.0 = Release|Any CPU
		{AB2D34E4-7F1A-4088-A97F-0C0C9672EAE9}.Release|iPhoneSimulator.ActiveCfg = Release|Any CPU
		{AB2D34E4-7F1A-4088-A97F-0C0C9672EAE9}.Release|iPhoneSimulator.Build.0 = Release|Any CPU
		{A39E52E9-B399-4048-8BEB-2BD49E2572D3}.Debug|Any CPU.ActiveCfg = Debug|Any CPU
		{A39E52E9-B399-4048-8BEB-2BD49E2572D3}.Debug|Any CPU.Build.0 = Debug|Any CPU
		{A39E52E9-B399-4048-8BEB-2BD49E2572D3}.Debug|iPhone.ActiveCfg = Debug|Any CPU
		{A39E52E9-B399-4048-8BEB-2BD49E2572D3}.Debug|iPhone.Build.0 = Debug|Any CPU
		{A39E52E9-B399-4048-8BEB-2BD49E2572D3}.Debug|iPhoneSimulator.ActiveCfg = Debug|Any CPU
		{A39E52E9-B399-4048-8BEB-2BD49E2572D3}.Debug|iPhoneSimulator.Build.0 = Debug|Any CPU
		{A39E52E9-B399-4048-8BEB-2BD49E2572D3}.Release|Any CPU.ActiveCfg = Release|Any CPU
		{A39E52E9-B399-4048-8BEB-2BD49E2572D3}.Release|Any CPU.Build.0 = Release|Any CPU
		{A39E52E9-B399-4048-8BEB-2BD49E2572D3}.Release|iPhone.ActiveCfg = Release|Any CPU
		{A39E52E9-B399-4048-8BEB-2BD49E2572D3}.Release|iPhone.Build.0 = Release|Any CPU
		{A39E52E9-B399-4048-8BEB-2BD49E2572D3}.Release|iPhoneSimulator.ActiveCfg = Release|Any CPU
		{A39E52E9-B399-4048-8BEB-2BD49E2572D3}.Release|iPhoneSimulator.Build.0 = Release|Any CPU
		{49E29B6F-8E98-49AE-98BF-6F3D0A7797EB}.Debug|Any CPU.ActiveCfg = Debug|Any CPU
		{49E29B6F-8E98-49AE-98BF-6F3D0A7797EB}.Debug|Any CPU.Build.0 = Debug|Any CPU
		{49E29B6F-8E98-49AE-98BF-6F3D0A7797EB}.Debug|iPhone.ActiveCfg = Debug|Any CPU
		{49E29B6F-8E98-49AE-98BF-6F3D0A7797EB}.Debug|iPhone.Build.0 = Debug|Any CPU
		{49E29B6F-8E98-49AE-98BF-6F3D0A7797EB}.Debug|iPhoneSimulator.ActiveCfg = Debug|Any CPU
		{49E29B6F-8E98-49AE-98BF-6F3D0A7797EB}.Debug|iPhoneSimulator.Build.0 = Debug|Any CPU
		{49E29B6F-8E98-49AE-98BF-6F3D0A7797EB}.Release|Any CPU.ActiveCfg = Release|Any CPU
		{49E29B6F-8E98-49AE-98BF-6F3D0A7797EB}.Release|Any CPU.Build.0 = Release|Any CPU
		{49E29B6F-8E98-49AE-98BF-6F3D0A7797EB}.Release|iPhone.ActiveCfg = Release|Any CPU
		{49E29B6F-8E98-49AE-98BF-6F3D0A7797EB}.Release|iPhone.Build.0 = Release|Any CPU
		{49E29B6F-8E98-49AE-98BF-6F3D0A7797EB}.Release|iPhoneSimulator.ActiveCfg = Release|Any CPU
		{49E29B6F-8E98-49AE-98BF-6F3D0A7797EB}.Release|iPhoneSimulator.Build.0 = Release|Any CPU
		{D2807680-870F-4355-8A96-B823A9D2FDEF}.Debug|Any CPU.ActiveCfg = Debug|Any CPU
		{D2807680-870F-4355-8A96-B823A9D2FDEF}.Debug|Any CPU.Build.0 = Debug|Any CPU
		{D2807680-870F-4355-8A96-B823A9D2FDEF}.Debug|iPhone.ActiveCfg = Debug|Any CPU
		{D2807680-870F-4355-8A96-B823A9D2FDEF}.Debug|iPhone.Build.0 = Debug|Any CPU
		{D2807680-870F-4355-8A96-B823A9D2FDEF}.Debug|iPhoneSimulator.ActiveCfg = Debug|Any CPU
		{D2807680-870F-4355-8A96-B823A9D2FDEF}.Debug|iPhoneSimulator.Build.0 = Debug|Any CPU
		{D2807680-870F-4355-8A96-B823A9D2FDEF}.Release|Any CPU.ActiveCfg = Release|Any CPU
		{D2807680-870F-4355-8A96-B823A9D2FDEF}.Release|Any CPU.Build.0 = Release|Any CPU
		{D2807680-870F-4355-8A96-B823A9D2FDEF}.Release|iPhone.ActiveCfg = Release|Any CPU
		{D2807680-870F-4355-8A96-B823A9D2FDEF}.Release|iPhone.Build.0 = Release|Any CPU
		{D2807680-870F-4355-8A96-B823A9D2FDEF}.Release|iPhoneSimulator.ActiveCfg = Release|Any CPU
		{D2807680-870F-4355-8A96-B823A9D2FDEF}.Release|iPhoneSimulator.Build.0 = Release|Any CPU
		{18FE9594-FF3A-4478-AE97-0D13CFD48B01}.Debug|Any CPU.ActiveCfg = Debug|Any CPU
		{18FE9594-FF3A-4478-AE97-0D13CFD48B01}.Debug|Any CPU.Build.0 = Debug|Any CPU
		{18FE9594-FF3A-4478-AE97-0D13CFD48B01}.Debug|iPhone.ActiveCfg = Debug|Any CPU
		{18FE9594-FF3A-4478-AE97-0D13CFD48B01}.Debug|iPhone.Build.0 = Debug|Any CPU
		{18FE9594-FF3A-4478-AE97-0D13CFD48B01}.Debug|iPhoneSimulator.ActiveCfg = Debug|Any CPU
		{18FE9594-FF3A-4478-AE97-0D13CFD48B01}.Debug|iPhoneSimulator.Build.0 = Debug|Any CPU
		{18FE9594-FF3A-4478-AE97-0D13CFD48B01}.Release|Any CPU.ActiveCfg = Release|Any CPU
		{18FE9594-FF3A-4478-AE97-0D13CFD48B01}.Release|Any CPU.Build.0 = Release|Any CPU
		{18FE9594-FF3A-4478-AE97-0D13CFD48B01}.Release|iPhone.ActiveCfg = Release|Any CPU
		{18FE9594-FF3A-4478-AE97-0D13CFD48B01}.Release|iPhone.Build.0 = Release|Any CPU
		{18FE9594-FF3A-4478-AE97-0D13CFD48B01}.Release|iPhoneSimulator.ActiveCfg = Release|Any CPU
		{18FE9594-FF3A-4478-AE97-0D13CFD48B01}.Release|iPhoneSimulator.Build.0 = Release|Any CPU
		{D2B27B2E-B8B0-42D3-AEDF-53671A30221C}.Debug|Any CPU.ActiveCfg = Debug|Any CPU
		{D2B27B2E-B8B0-42D3-AEDF-53671A30221C}.Debug|Any CPU.Build.0 = Debug|Any CPU
		{D2B27B2E-B8B0-42D3-AEDF-53671A30221C}.Debug|iPhone.ActiveCfg = Debug|Any CPU
		{D2B27B2E-B8B0-42D3-AEDF-53671A30221C}.Debug|iPhone.Build.0 = Debug|Any CPU
		{D2B27B2E-B8B0-42D3-AEDF-53671A30221C}.Debug|iPhoneSimulator.ActiveCfg = Debug|Any CPU
		{D2B27B2E-B8B0-42D3-AEDF-53671A30221C}.Debug|iPhoneSimulator.Build.0 = Debug|Any CPU
		{D2B27B2E-B8B0-42D3-AEDF-53671A30221C}.Release|Any CPU.ActiveCfg = Release|Any CPU
		{D2B27B2E-B8B0-42D3-AEDF-53671A30221C}.Release|Any CPU.Build.0 = Release|Any CPU
		{D2B27B2E-B8B0-42D3-AEDF-53671A30221C}.Release|iPhone.ActiveCfg = Release|Any CPU
		{D2B27B2E-B8B0-42D3-AEDF-53671A30221C}.Release|iPhone.Build.0 = Release|Any CPU
		{D2B27B2E-B8B0-42D3-AEDF-53671A30221C}.Release|iPhoneSimulator.ActiveCfg = Release|Any CPU
		{D2B27B2E-B8B0-42D3-AEDF-53671A30221C}.Release|iPhoneSimulator.Build.0 = Release|Any CPU
		{23053BD5-5B14-47F3-AA7C-4ADD9C015D52}.Debug|Any CPU.ActiveCfg = Debug|Any CPU
		{23053BD5-5B14-47F3-AA7C-4ADD9C015D52}.Debug|Any CPU.Build.0 = Debug|Any CPU
		{23053BD5-5B14-47F3-AA7C-4ADD9C015D52}.Debug|iPhone.ActiveCfg = Debug|Any CPU
		{23053BD5-5B14-47F3-AA7C-4ADD9C015D52}.Debug|iPhone.Build.0 = Debug|Any CPU
		{23053BD5-5B14-47F3-AA7C-4ADD9C015D52}.Debug|iPhoneSimulator.ActiveCfg = Debug|Any CPU
		{23053BD5-5B14-47F3-AA7C-4ADD9C015D52}.Debug|iPhoneSimulator.Build.0 = Debug|Any CPU
		{23053BD5-5B14-47F3-AA7C-4ADD9C015D52}.Release|Any CPU.ActiveCfg = Release|Any CPU
		{23053BD5-5B14-47F3-AA7C-4ADD9C015D52}.Release|Any CPU.Build.0 = Release|Any CPU
		{23053BD5-5B14-47F3-AA7C-4ADD9C015D52}.Release|iPhone.ActiveCfg = Release|Any CPU
		{23053BD5-5B14-47F3-AA7C-4ADD9C015D52}.Release|iPhone.Build.0 = Release|Any CPU
		{23053BD5-5B14-47F3-AA7C-4ADD9C015D52}.Release|iPhoneSimulator.ActiveCfg = Release|Any CPU
		{23053BD5-5B14-47F3-AA7C-4ADD9C015D52}.Release|iPhoneSimulator.Build.0 = Release|Any CPU
		{00686633-3B8A-47F2-8605-D82403A5FC97}.Debug|Any CPU.ActiveCfg = Debug|Any CPU
		{00686633-3B8A-47F2-8605-D82403A5FC97}.Debug|Any CPU.Build.0 = Debug|Any CPU
		{00686633-3B8A-47F2-8605-D82403A5FC97}.Debug|iPhone.ActiveCfg = Debug|Any CPU
		{00686633-3B8A-47F2-8605-D82403A5FC97}.Debug|iPhone.Build.0 = Debug|Any CPU
		{00686633-3B8A-47F2-8605-D82403A5FC97}.Debug|iPhoneSimulator.ActiveCfg = Debug|Any CPU
		{00686633-3B8A-47F2-8605-D82403A5FC97}.Debug|iPhoneSimulator.Build.0 = Debug|Any CPU
		{00686633-3B8A-47F2-8605-D82403A5FC97}.Release|Any CPU.ActiveCfg = Release|Any CPU
		{00686633-3B8A-47F2-8605-D82403A5FC97}.Release|Any CPU.Build.0 = Release|Any CPU
		{00686633-3B8A-47F2-8605-D82403A5FC97}.Release|iPhone.ActiveCfg = Release|Any CPU
		{00686633-3B8A-47F2-8605-D82403A5FC97}.Release|iPhone.Build.0 = Release|Any CPU
		{00686633-3B8A-47F2-8605-D82403A5FC97}.Release|iPhoneSimulator.ActiveCfg = Release|Any CPU
		{00686633-3B8A-47F2-8605-D82403A5FC97}.Release|iPhoneSimulator.Build.0 = Release|Any CPU
		{15A4521C-E21C-404D-BD81-57BB40D62EF6}.Debug|Any CPU.ActiveCfg = Debug|Any CPU
		{15A4521C-E21C-404D-BD81-57BB40D62EF6}.Debug|Any CPU.Build.0 = Debug|Any CPU
		{15A4521C-E21C-404D-BD81-57BB40D62EF6}.Debug|iPhone.ActiveCfg = Debug|Any CPU
		{15A4521C-E21C-404D-BD81-57BB40D62EF6}.Debug|iPhone.Build.0 = Debug|Any CPU
		{15A4521C-E21C-404D-BD81-57BB40D62EF6}.Debug|iPhoneSimulator.ActiveCfg = Debug|Any CPU
		{15A4521C-E21C-404D-BD81-57BB40D62EF6}.Debug|iPhoneSimulator.Build.0 = Debug|Any CPU
		{15A4521C-E21C-404D-BD81-57BB40D62EF6}.Release|Any CPU.ActiveCfg = Release|Any CPU
		{15A4521C-E21C-404D-BD81-57BB40D62EF6}.Release|Any CPU.Build.0 = Release|Any CPU
		{15A4521C-E21C-404D-BD81-57BB40D62EF6}.Release|iPhone.ActiveCfg = Release|Any CPU
		{15A4521C-E21C-404D-BD81-57BB40D62EF6}.Release|iPhone.Build.0 = Release|Any CPU
		{15A4521C-E21C-404D-BD81-57BB40D62EF6}.Release|iPhoneSimulator.ActiveCfg = Release|Any CPU
		{15A4521C-E21C-404D-BD81-57BB40D62EF6}.Release|iPhoneSimulator.Build.0 = Release|Any CPU
		{8C22D6F6-A760-466D-9D61-709926168642}.Debug|Any CPU.ActiveCfg = Debug|Any CPU
		{8C22D6F6-A760-466D-9D61-709926168642}.Debug|Any CPU.Build.0 = Debug|Any CPU
		{8C22D6F6-A760-466D-9D61-709926168642}.Debug|iPhone.ActiveCfg = Debug|Any CPU
		{8C22D6F6-A760-466D-9D61-709926168642}.Debug|iPhone.Build.0 = Debug|Any CPU
		{8C22D6F6-A760-466D-9D61-709926168642}.Debug|iPhoneSimulator.ActiveCfg = Debug|Any CPU
		{8C22D6F6-A760-466D-9D61-709926168642}.Debug|iPhoneSimulator.Build.0 = Debug|Any CPU
		{8C22D6F6-A760-466D-9D61-709926168642}.Release|Any CPU.ActiveCfg = Release|Any CPU
		{8C22D6F6-A760-466D-9D61-709926168642}.Release|Any CPU.Build.0 = Release|Any CPU
		{8C22D6F6-A760-466D-9D61-709926168642}.Release|iPhone.ActiveCfg = Release|Any CPU
		{8C22D6F6-A760-466D-9D61-709926168642}.Release|iPhone.Build.0 = Release|Any CPU
		{8C22D6F6-A760-466D-9D61-709926168642}.Release|iPhoneSimulator.ActiveCfg = Release|Any CPU
		{8C22D6F6-A760-466D-9D61-709926168642}.Release|iPhoneSimulator.Build.0 = Release|Any CPU
		{7947F64E-51BB-4E07-B35B-87DC5027FC2D}.Debug|Any CPU.ActiveCfg = Debug|Any CPU
		{7947F64E-51BB-4E07-B35B-87DC5027FC2D}.Debug|Any CPU.Build.0 = Debug|Any CPU
		{7947F64E-51BB-4E07-B35B-87DC5027FC2D}.Debug|iPhone.ActiveCfg = Debug|Any CPU
		{7947F64E-51BB-4E07-B35B-87DC5027FC2D}.Debug|iPhone.Build.0 = Debug|Any CPU
		{7947F64E-51BB-4E07-B35B-87DC5027FC2D}.Debug|iPhoneSimulator.ActiveCfg = Debug|Any CPU
		{7947F64E-51BB-4E07-B35B-87DC5027FC2D}.Debug|iPhoneSimulator.Build.0 = Debug|Any CPU
		{7947F64E-51BB-4E07-B35B-87DC5027FC2D}.Release|Any CPU.ActiveCfg = Release|Any CPU
		{7947F64E-51BB-4E07-B35B-87DC5027FC2D}.Release|Any CPU.Build.0 = Release|Any CPU
		{7947F64E-51BB-4E07-B35B-87DC5027FC2D}.Release|iPhone.ActiveCfg = Release|Any CPU
		{7947F64E-51BB-4E07-B35B-87DC5027FC2D}.Release|iPhone.Build.0 = Release|Any CPU
		{7947F64E-51BB-4E07-B35B-87DC5027FC2D}.Release|iPhoneSimulator.ActiveCfg = Release|Any CPU
		{7947F64E-51BB-4E07-B35B-87DC5027FC2D}.Release|iPhoneSimulator.Build.0 = Release|Any CPU
		{7DFCF9A8-A58B-4E21-91F1-F2E1853EBEA0}.Debug|Any CPU.ActiveCfg = Debug|Any CPU
		{7DFCF9A8-A58B-4E21-91F1-F2E1853EBEA0}.Debug|Any CPU.Build.0 = Debug|Any CPU
		{7DFCF9A8-A58B-4E21-91F1-F2E1853EBEA0}.Debug|iPhone.ActiveCfg = Debug|Any CPU
		{7DFCF9A8-A58B-4E21-91F1-F2E1853EBEA0}.Debug|iPhone.Build.0 = Debug|Any CPU
		{7DFCF9A8-A58B-4E21-91F1-F2E1853EBEA0}.Debug|iPhoneSimulator.ActiveCfg = Debug|Any CPU
		{7DFCF9A8-A58B-4E21-91F1-F2E1853EBEA0}.Debug|iPhoneSimulator.Build.0 = Debug|Any CPU
		{7DFCF9A8-A58B-4E21-91F1-F2E1853EBEA0}.Release|Any CPU.ActiveCfg = Release|Any CPU
		{7DFCF9A8-A58B-4E21-91F1-F2E1853EBEA0}.Release|Any CPU.Build.0 = Release|Any CPU
		{7DFCF9A8-A58B-4E21-91F1-F2E1853EBEA0}.Release|iPhone.ActiveCfg = Release|Any CPU
		{7DFCF9A8-A58B-4E21-91F1-F2E1853EBEA0}.Release|iPhone.Build.0 = Release|Any CPU
		{7DFCF9A8-A58B-4E21-91F1-F2E1853EBEA0}.Release|iPhoneSimulator.ActiveCfg = Release|Any CPU
		{7DFCF9A8-A58B-4E21-91F1-F2E1853EBEA0}.Release|iPhoneSimulator.Build.0 = Release|Any CPU
		{07105B32-65D5-45A4-918A-4D5425A14496}.Debug|Any CPU.ActiveCfg = Debug|Any CPU
		{07105B32-65D5-45A4-918A-4D5425A14496}.Debug|Any CPU.Build.0 = Debug|Any CPU
		{07105B32-65D5-45A4-918A-4D5425A14496}.Debug|iPhone.ActiveCfg = Debug|Any CPU
		{07105B32-65D5-45A4-918A-4D5425A14496}.Debug|iPhone.Build.0 = Debug|Any CPU
		{07105B32-65D5-45A4-918A-4D5425A14496}.Debug|iPhoneSimulator.ActiveCfg = Debug|Any CPU
		{07105B32-65D5-45A4-918A-4D5425A14496}.Debug|iPhoneSimulator.Build.0 = Debug|Any CPU
		{07105B32-65D5-45A4-918A-4D5425A14496}.Release|Any CPU.ActiveCfg = Release|Any CPU
		{07105B32-65D5-45A4-918A-4D5425A14496}.Release|Any CPU.Build.0 = Release|Any CPU
		{07105B32-65D5-45A4-918A-4D5425A14496}.Release|iPhone.ActiveCfg = Release|Any CPU
		{07105B32-65D5-45A4-918A-4D5425A14496}.Release|iPhone.Build.0 = Release|Any CPU
		{07105B32-65D5-45A4-918A-4D5425A14496}.Release|iPhoneSimulator.ActiveCfg = Release|Any CPU
		{07105B32-65D5-45A4-918A-4D5425A14496}.Release|iPhoneSimulator.Build.0 = Release|Any CPU
		{39CF5E5B-D337-4ED2-99A0-63C359EF9E81}.Debug|Any CPU.ActiveCfg = Debug|Any CPU
		{39CF5E5B-D337-4ED2-99A0-63C359EF9E81}.Debug|Any CPU.Build.0 = Debug|Any CPU
		{39CF5E5B-D337-4ED2-99A0-63C359EF9E81}.Debug|iPhone.ActiveCfg = Debug|Any CPU
		{39CF5E5B-D337-4ED2-99A0-63C359EF9E81}.Debug|iPhone.Build.0 = Debug|Any CPU
		{39CF5E5B-D337-4ED2-99A0-63C359EF9E81}.Debug|iPhoneSimulator.ActiveCfg = Debug|Any CPU
		{39CF5E5B-D337-4ED2-99A0-63C359EF9E81}.Debug|iPhoneSimulator.Build.0 = Debug|Any CPU
		{39CF5E5B-D337-4ED2-99A0-63C359EF9E81}.Release|Any CPU.ActiveCfg = Release|Any CPU
		{39CF5E5B-D337-4ED2-99A0-63C359EF9E81}.Release|Any CPU.Build.0 = Release|Any CPU
		{39CF5E5B-D337-4ED2-99A0-63C359EF9E81}.Release|iPhone.ActiveCfg = Release|Any CPU
		{39CF5E5B-D337-4ED2-99A0-63C359EF9E81}.Release|iPhone.Build.0 = Release|Any CPU
		{39CF5E5B-D337-4ED2-99A0-63C359EF9E81}.Release|iPhoneSimulator.ActiveCfg = Release|Any CPU
		{39CF5E5B-D337-4ED2-99A0-63C359EF9E81}.Release|iPhoneSimulator.Build.0 = Release|Any CPU
		{71499E13-130D-4EC6-96F0-883A4C770F6C}.Debug|Any CPU.ActiveCfg = Debug|Any CPU
		{71499E13-130D-4EC6-96F0-883A4C770F6C}.Debug|Any CPU.Build.0 = Debug|Any CPU
		{71499E13-130D-4EC6-96F0-883A4C770F6C}.Debug|iPhone.ActiveCfg = Debug|Any CPU
		{71499E13-130D-4EC6-96F0-883A4C770F6C}.Debug|iPhone.Build.0 = Debug|Any CPU
		{71499E13-130D-4EC6-96F0-883A4C770F6C}.Debug|iPhoneSimulator.ActiveCfg = Debug|Any CPU
		{71499E13-130D-4EC6-96F0-883A4C770F6C}.Debug|iPhoneSimulator.Build.0 = Debug|Any CPU
		{71499E13-130D-4EC6-96F0-883A4C770F6C}.Release|Any CPU.ActiveCfg = Release|Any CPU
		{71499E13-130D-4EC6-96F0-883A4C770F6C}.Release|Any CPU.Build.0 = Release|Any CPU
		{71499E13-130D-4EC6-96F0-883A4C770F6C}.Release|iPhone.ActiveCfg = Release|Any CPU
		{71499E13-130D-4EC6-96F0-883A4C770F6C}.Release|iPhone.Build.0 = Release|Any CPU
		{71499E13-130D-4EC6-96F0-883A4C770F6C}.Release|iPhoneSimulator.ActiveCfg = Release|Any CPU
		{71499E13-130D-4EC6-96F0-883A4C770F6C}.Release|iPhoneSimulator.Build.0 = Release|Any CPU
		{602AB426-1140-4EC3-9DFE-68551B7C117A}.Debug|Any CPU.ActiveCfg = Debug|Any CPU
		{602AB426-1140-4EC3-9DFE-68551B7C117A}.Debug|Any CPU.Build.0 = Debug|Any CPU
		{602AB426-1140-4EC3-9DFE-68551B7C117A}.Debug|iPhone.ActiveCfg = Debug|Any CPU
		{602AB426-1140-4EC3-9DFE-68551B7C117A}.Debug|iPhone.Build.0 = Debug|Any CPU
		{602AB426-1140-4EC3-9DFE-68551B7C117A}.Debug|iPhoneSimulator.ActiveCfg = Debug|Any CPU
		{602AB426-1140-4EC3-9DFE-68551B7C117A}.Debug|iPhoneSimulator.Build.0 = Debug|Any CPU
		{602AB426-1140-4EC3-9DFE-68551B7C117A}.Release|Any CPU.ActiveCfg = Release|Any CPU
		{602AB426-1140-4EC3-9DFE-68551B7C117A}.Release|Any CPU.Build.0 = Release|Any CPU
		{602AB426-1140-4EC3-9DFE-68551B7C117A}.Release|iPhone.ActiveCfg = Release|Any CPU
		{602AB426-1140-4EC3-9DFE-68551B7C117A}.Release|iPhone.Build.0 = Release|Any CPU
		{602AB426-1140-4EC3-9DFE-68551B7C117A}.Release|iPhoneSimulator.ActiveCfg = Release|Any CPU
		{602AB426-1140-4EC3-9DFE-68551B7C117A}.Release|iPhoneSimulator.Build.0 = Release|Any CPU
		{3290FBE5-CB68-480A-A9FE-75E862EFBA30}.Debug|Any CPU.ActiveCfg = Debug|Any CPU
		{3290FBE5-CB68-480A-A9FE-75E862EFBA30}.Debug|Any CPU.Build.0 = Debug|Any CPU
		{3290FBE5-CB68-480A-A9FE-75E862EFBA30}.Debug|iPhone.ActiveCfg = Debug|Any CPU
		{3290FBE5-CB68-480A-A9FE-75E862EFBA30}.Debug|iPhone.Build.0 = Debug|Any CPU
		{3290FBE5-CB68-480A-A9FE-75E862EFBA30}.Debug|iPhoneSimulator.ActiveCfg = Debug|Any CPU
		{3290FBE5-CB68-480A-A9FE-75E862EFBA30}.Debug|iPhoneSimulator.Build.0 = Debug|Any CPU
		{3290FBE5-CB68-480A-A9FE-75E862EFBA30}.Release|Any CPU.ActiveCfg = Release|Any CPU
		{3290FBE5-CB68-480A-A9FE-75E862EFBA30}.Release|Any CPU.Build.0 = Release|Any CPU
		{3290FBE5-CB68-480A-A9FE-75E862EFBA30}.Release|iPhone.ActiveCfg = Release|Any CPU
		{3290FBE5-CB68-480A-A9FE-75E862EFBA30}.Release|iPhone.Build.0 = Release|Any CPU
		{3290FBE5-CB68-480A-A9FE-75E862EFBA30}.Release|iPhoneSimulator.ActiveCfg = Release|Any CPU
		{3290FBE5-CB68-480A-A9FE-75E862EFBA30}.Release|iPhoneSimulator.Build.0 = Release|Any CPU
		{7CD8AA63-85D5-4F09-93B0-879305E7926B}.Debug|Any CPU.ActiveCfg = Debug|Any CPU
		{7CD8AA63-85D5-4F09-93B0-879305E7926B}.Debug|Any CPU.Build.0 = Debug|Any CPU
		{7CD8AA63-85D5-4F09-93B0-879305E7926B}.Debug|iPhone.ActiveCfg = Debug|Any CPU
		{7CD8AA63-85D5-4F09-93B0-879305E7926B}.Debug|iPhone.Build.0 = Debug|Any CPU
		{7CD8AA63-85D5-4F09-93B0-879305E7926B}.Debug|iPhoneSimulator.ActiveCfg = Debug|Any CPU
		{7CD8AA63-85D5-4F09-93B0-879305E7926B}.Debug|iPhoneSimulator.Build.0 = Debug|Any CPU
		{7CD8AA63-85D5-4F09-93B0-879305E7926B}.Release|Any CPU.ActiveCfg = Release|Any CPU
		{7CD8AA63-85D5-4F09-93B0-879305E7926B}.Release|Any CPU.Build.0 = Release|Any CPU
		{7CD8AA63-85D5-4F09-93B0-879305E7926B}.Release|iPhone.ActiveCfg = Release|Any CPU
		{7CD8AA63-85D5-4F09-93B0-879305E7926B}.Release|iPhone.Build.0 = Release|Any CPU
		{7CD8AA63-85D5-4F09-93B0-879305E7926B}.Release|iPhoneSimulator.ActiveCfg = Release|Any CPU
		{7CD8AA63-85D5-4F09-93B0-879305E7926B}.Release|iPhoneSimulator.Build.0 = Release|Any CPU
		{DD5569A9-09D5-4AD8-B26D-93B10151C245}.Debug|Any CPU.ActiveCfg = Debug|Any CPU
		{DD5569A9-09D5-4AD8-B26D-93B10151C245}.Debug|Any CPU.Build.0 = Debug|Any CPU
		{DD5569A9-09D5-4AD8-B26D-93B10151C245}.Debug|iPhone.ActiveCfg = Debug|Any CPU
		{DD5569A9-09D5-4AD8-B26D-93B10151C245}.Debug|iPhone.Build.0 = Debug|Any CPU
		{DD5569A9-09D5-4AD8-B26D-93B10151C245}.Debug|iPhoneSimulator.ActiveCfg = Debug|Any CPU
		{DD5569A9-09D5-4AD8-B26D-93B10151C245}.Debug|iPhoneSimulator.Build.0 = Debug|Any CPU
		{DD5569A9-09D5-4AD8-B26D-93B10151C245}.Release|Any CPU.ActiveCfg = Release|Any CPU
		{DD5569A9-09D5-4AD8-B26D-93B10151C245}.Release|Any CPU.Build.0 = Release|Any CPU
		{DD5569A9-09D5-4AD8-B26D-93B10151C245}.Release|iPhone.ActiveCfg = Release|Any CPU
		{DD5569A9-09D5-4AD8-B26D-93B10151C245}.Release|iPhone.Build.0 = Release|Any CPU
		{DD5569A9-09D5-4AD8-B26D-93B10151C245}.Release|iPhoneSimulator.ActiveCfg = Release|Any CPU
		{DD5569A9-09D5-4AD8-B26D-93B10151C245}.Release|iPhoneSimulator.Build.0 = Release|Any CPU
		{DE10F459-BAC9-4E5E-AD7B-808B499B3E7F}.Debug|Any CPU.ActiveCfg = Debug|Any CPU
		{DE10F459-BAC9-4E5E-AD7B-808B499B3E7F}.Debug|Any CPU.Build.0 = Debug|Any CPU
		{DE10F459-BAC9-4E5E-AD7B-808B499B3E7F}.Debug|iPhone.ActiveCfg = Debug|Any CPU
		{DE10F459-BAC9-4E5E-AD7B-808B499B3E7F}.Debug|iPhone.Build.0 = Debug|Any CPU
		{DE10F459-BAC9-4E5E-AD7B-808B499B3E7F}.Debug|iPhoneSimulator.ActiveCfg = Debug|Any CPU
		{DE10F459-BAC9-4E5E-AD7B-808B499B3E7F}.Debug|iPhoneSimulator.Build.0 = Debug|Any CPU
		{DE10F459-BAC9-4E5E-AD7B-808B499B3E7F}.Release|Any CPU.ActiveCfg = Release|Any CPU
		{DE10F459-BAC9-4E5E-AD7B-808B499B3E7F}.Release|Any CPU.Build.0 = Release|Any CPU
		{DE10F459-BAC9-4E5E-AD7B-808B499B3E7F}.Release|iPhone.ActiveCfg = Release|Any CPU
		{DE10F459-BAC9-4E5E-AD7B-808B499B3E7F}.Release|iPhone.Build.0 = Release|Any CPU
		{DE10F459-BAC9-4E5E-AD7B-808B499B3E7F}.Release|iPhoneSimulator.ActiveCfg = Release|Any CPU
		{DE10F459-BAC9-4E5E-AD7B-808B499B3E7F}.Release|iPhoneSimulator.Build.0 = Release|Any CPU
		{89FC320F-8396-4FFB-856F-FFDC01C9BAB1}.Debug|Any CPU.ActiveCfg = Debug|Any CPU
		{89FC320F-8396-4FFB-856F-FFDC01C9BAB1}.Debug|Any CPU.Build.0 = Debug|Any CPU
		{89FC320F-8396-4FFB-856F-FFDC01C9BAB1}.Debug|iPhone.ActiveCfg = Debug|Any CPU
		{89FC320F-8396-4FFB-856F-FFDC01C9BAB1}.Debug|iPhone.Build.0 = Debug|Any CPU
		{89FC320F-8396-4FFB-856F-FFDC01C9BAB1}.Debug|iPhoneSimulator.ActiveCfg = Debug|Any CPU
		{89FC320F-8396-4FFB-856F-FFDC01C9BAB1}.Debug|iPhoneSimulator.Build.0 = Debug|Any CPU
		{89FC320F-8396-4FFB-856F-FFDC01C9BAB1}.Release|Any CPU.ActiveCfg = Release|Any CPU
		{89FC320F-8396-4FFB-856F-FFDC01C9BAB1}.Release|Any CPU.Build.0 = Release|Any CPU
		{89FC320F-8396-4FFB-856F-FFDC01C9BAB1}.Release|iPhone.ActiveCfg = Release|Any CPU
		{89FC320F-8396-4FFB-856F-FFDC01C9BAB1}.Release|iPhone.Build.0 = Release|Any CPU
		{89FC320F-8396-4FFB-856F-FFDC01C9BAB1}.Release|iPhoneSimulator.ActiveCfg = Release|Any CPU
		{89FC320F-8396-4FFB-856F-FFDC01C9BAB1}.Release|iPhoneSimulator.Build.0 = Release|Any CPU
		{086EFADF-6E3F-4E29-A824-4FF8E145BA6B}.Debug|Any CPU.ActiveCfg = Debug|Any CPU
		{086EFADF-6E3F-4E29-A824-4FF8E145BA6B}.Debug|Any CPU.Build.0 = Debug|Any CPU
		{086EFADF-6E3F-4E29-A824-4FF8E145BA6B}.Debug|iPhone.ActiveCfg = Debug|Any CPU
		{086EFADF-6E3F-4E29-A824-4FF8E145BA6B}.Debug|iPhone.Build.0 = Debug|Any CPU
		{086EFADF-6E3F-4E29-A824-4FF8E145BA6B}.Debug|iPhoneSimulator.ActiveCfg = Debug|Any CPU
		{086EFADF-6E3F-4E29-A824-4FF8E145BA6B}.Debug|iPhoneSimulator.Build.0 = Debug|Any CPU
		{086EFADF-6E3F-4E29-A824-4FF8E145BA6B}.Release|Any CPU.ActiveCfg = Release|Any CPU
		{086EFADF-6E3F-4E29-A824-4FF8E145BA6B}.Release|Any CPU.Build.0 = Release|Any CPU
		{086EFADF-6E3F-4E29-A824-4FF8E145BA6B}.Release|iPhone.ActiveCfg = Release|Any CPU
		{086EFADF-6E3F-4E29-A824-4FF8E145BA6B}.Release|iPhone.Build.0 = Release|Any CPU
		{086EFADF-6E3F-4E29-A824-4FF8E145BA6B}.Release|iPhoneSimulator.ActiveCfg = Release|Any CPU
		{086EFADF-6E3F-4E29-A824-4FF8E145BA6B}.Release|iPhoneSimulator.Build.0 = Release|Any CPU
		{844D52F2-68E9-4982-9918-4F13F59E5DD4}.Debug|Any CPU.ActiveCfg = Debug|Any CPU
		{844D52F2-68E9-4982-9918-4F13F59E5DD4}.Debug|Any CPU.Build.0 = Debug|Any CPU
		{844D52F2-68E9-4982-9918-4F13F59E5DD4}.Debug|Any CPU.Deploy.0 = Debug|Any CPU
		{844D52F2-68E9-4982-9918-4F13F59E5DD4}.Debug|iPhone.ActiveCfg = Debug|Any CPU
		{844D52F2-68E9-4982-9918-4F13F59E5DD4}.Debug|iPhone.Build.0 = Debug|Any CPU
		{844D52F2-68E9-4982-9918-4F13F59E5DD4}.Debug|iPhone.Deploy.0 = Debug|Any CPU
		{844D52F2-68E9-4982-9918-4F13F59E5DD4}.Debug|iPhoneSimulator.ActiveCfg = Debug|Any CPU
		{844D52F2-68E9-4982-9918-4F13F59E5DD4}.Debug|iPhoneSimulator.Build.0 = Debug|Any CPU
		{844D52F2-68E9-4982-9918-4F13F59E5DD4}.Debug|iPhoneSimulator.Deploy.0 = Debug|Any CPU
		{844D52F2-68E9-4982-9918-4F13F59E5DD4}.Release|Any CPU.ActiveCfg = Release|Any CPU
		{844D52F2-68E9-4982-9918-4F13F59E5DD4}.Release|Any CPU.Build.0 = Release|Any CPU
		{844D52F2-68E9-4982-9918-4F13F59E5DD4}.Release|Any CPU.Deploy.0 = Release|Any CPU
		{844D52F2-68E9-4982-9918-4F13F59E5DD4}.Release|iPhone.ActiveCfg = Release|Any CPU
		{844D52F2-68E9-4982-9918-4F13F59E5DD4}.Release|iPhone.Build.0 = Release|Any CPU
		{844D52F2-68E9-4982-9918-4F13F59E5DD4}.Release|iPhone.Deploy.0 = Release|Any CPU
		{844D52F2-68E9-4982-9918-4F13F59E5DD4}.Release|iPhoneSimulator.ActiveCfg = Release|Any CPU
		{844D52F2-68E9-4982-9918-4F13F59E5DD4}.Release|iPhoneSimulator.Build.0 = Release|Any CPU
		{844D52F2-68E9-4982-9918-4F13F59E5DD4}.Release|iPhoneSimulator.Deploy.0 = Release|Any CPU
		{166A9553-2BD2-4E02-A398-B721D0A0BB84}.Debug|Any CPU.ActiveCfg = Debug|iPhone
		{166A9553-2BD2-4E02-A398-B721D0A0BB84}.Debug|iPhone.ActiveCfg = Debug|iPhone
		{166A9553-2BD2-4E02-A398-B721D0A0BB84}.Debug|iPhone.Build.0 = Debug|iPhone
		{166A9553-2BD2-4E02-A398-B721D0A0BB84}.Debug|iPhoneSimulator.ActiveCfg = Debug|iPhoneSimulator
		{166A9553-2BD2-4E02-A398-B721D0A0BB84}.Debug|iPhoneSimulator.Build.0 = Debug|iPhoneSimulator
		{166A9553-2BD2-4E02-A398-B721D0A0BB84}.Release|Any CPU.ActiveCfg = Release|iPhone
		{166A9553-2BD2-4E02-A398-B721D0A0BB84}.Release|iPhone.ActiveCfg = Release|iPhone
		{166A9553-2BD2-4E02-A398-B721D0A0BB84}.Release|iPhone.Build.0 = Release|iPhone
		{166A9553-2BD2-4E02-A398-B721D0A0BB84}.Release|iPhoneSimulator.ActiveCfg = Release|iPhoneSimulator
		{166A9553-2BD2-4E02-A398-B721D0A0BB84}.Release|iPhoneSimulator.Build.0 = Release|iPhoneSimulator
		{8FE5134E-DB65-44A6-AF65-C180D3837730}.Debug|Any CPU.ActiveCfg = Debug|Any CPU
		{8FE5134E-DB65-44A6-AF65-C180D3837730}.Debug|Any CPU.Build.0 = Debug|Any CPU
		{8FE5134E-DB65-44A6-AF65-C180D3837730}.Debug|iPhone.ActiveCfg = Debug|Any CPU
		{8FE5134E-DB65-44A6-AF65-C180D3837730}.Debug|iPhone.Build.0 = Debug|Any CPU
		{8FE5134E-DB65-44A6-AF65-C180D3837730}.Debug|iPhoneSimulator.ActiveCfg = Debug|Any CPU
		{8FE5134E-DB65-44A6-AF65-C180D3837730}.Debug|iPhoneSimulator.Build.0 = Debug|Any CPU
		{8FE5134E-DB65-44A6-AF65-C180D3837730}.Release|Any CPU.ActiveCfg = Release|Any CPU
		{8FE5134E-DB65-44A6-AF65-C180D3837730}.Release|Any CPU.Build.0 = Release|Any CPU
		{8FE5134E-DB65-44A6-AF65-C180D3837730}.Release|iPhone.ActiveCfg = Release|Any CPU
		{8FE5134E-DB65-44A6-AF65-C180D3837730}.Release|iPhone.Build.0 = Release|Any CPU
		{8FE5134E-DB65-44A6-AF65-C180D3837730}.Release|iPhoneSimulator.ActiveCfg = Release|Any CPU
		{8FE5134E-DB65-44A6-AF65-C180D3837730}.Release|iPhoneSimulator.Build.0 = Release|Any CPU
		{016BC6C2-6CB7-4187-9179-1A03D32FAC45}.Debug|Any CPU.ActiveCfg = Debug|Any CPU
		{016BC6C2-6CB7-4187-9179-1A03D32FAC45}.Debug|Any CPU.Build.0 = Debug|Any CPU
		{016BC6C2-6CB7-4187-9179-1A03D32FAC45}.Debug|iPhone.ActiveCfg = Debug|Any CPU
		{016BC6C2-6CB7-4187-9179-1A03D32FAC45}.Debug|iPhone.Build.0 = Debug|Any CPU
		{016BC6C2-6CB7-4187-9179-1A03D32FAC45}.Debug|iPhoneSimulator.ActiveCfg = Debug|Any CPU
		{016BC6C2-6CB7-4187-9179-1A03D32FAC45}.Debug|iPhoneSimulator.Build.0 = Debug|Any CPU
		{016BC6C2-6CB7-4187-9179-1A03D32FAC45}.Release|Any CPU.ActiveCfg = Release|Any CPU
		{016BC6C2-6CB7-4187-9179-1A03D32FAC45}.Release|Any CPU.Build.0 = Release|Any CPU
		{016BC6C2-6CB7-4187-9179-1A03D32FAC45}.Release|iPhone.ActiveCfg = Release|Any CPU
		{016BC6C2-6CB7-4187-9179-1A03D32FAC45}.Release|iPhone.Build.0 = Release|Any CPU
		{016BC6C2-6CB7-4187-9179-1A03D32FAC45}.Release|iPhoneSimulator.ActiveCfg = Release|Any CPU
		{016BC6C2-6CB7-4187-9179-1A03D32FAC45}.Release|iPhoneSimulator.Build.0 = Release|Any CPU
		{55C74126-CD8F-4777-9AB4-115160F3C03B}.Debug|Any CPU.ActiveCfg = Debug|Any CPU
		{55C74126-CD8F-4777-9AB4-115160F3C03B}.Debug|Any CPU.Build.0 = Debug|Any CPU
		{55C74126-CD8F-4777-9AB4-115160F3C03B}.Debug|iPhone.ActiveCfg = Debug|Any CPU
		{55C74126-CD8F-4777-9AB4-115160F3C03B}.Debug|iPhone.Build.0 = Debug|Any CPU
		{55C74126-CD8F-4777-9AB4-115160F3C03B}.Debug|iPhoneSimulator.ActiveCfg = Debug|Any CPU
		{55C74126-CD8F-4777-9AB4-115160F3C03B}.Debug|iPhoneSimulator.Build.0 = Debug|Any CPU
		{55C74126-CD8F-4777-9AB4-115160F3C03B}.Release|Any CPU.ActiveCfg = Release|Any CPU
		{55C74126-CD8F-4777-9AB4-115160F3C03B}.Release|Any CPU.Build.0 = Release|Any CPU
		{55C74126-CD8F-4777-9AB4-115160F3C03B}.Release|iPhone.ActiveCfg = Release|Any CPU
		{55C74126-CD8F-4777-9AB4-115160F3C03B}.Release|iPhone.Build.0 = Release|Any CPU
		{55C74126-CD8F-4777-9AB4-115160F3C03B}.Release|iPhoneSimulator.ActiveCfg = Release|Any CPU
		{55C74126-CD8F-4777-9AB4-115160F3C03B}.Release|iPhoneSimulator.Build.0 = Release|Any CPU
		{67532AB8-A8F3-4814-A9AA-96BE119EDE18}.Debug|Any CPU.ActiveCfg = Debug|Any CPU
		{67532AB8-A8F3-4814-A9AA-96BE119EDE18}.Debug|Any CPU.Build.0 = Debug|Any CPU
		{67532AB8-A8F3-4814-A9AA-96BE119EDE18}.Debug|iPhone.ActiveCfg = Debug|Any CPU
		{67532AB8-A8F3-4814-A9AA-96BE119EDE18}.Debug|iPhone.Build.0 = Debug|Any CPU
		{67532AB8-A8F3-4814-A9AA-96BE119EDE18}.Debug|iPhoneSimulator.ActiveCfg = Debug|Any CPU
		{67532AB8-A8F3-4814-A9AA-96BE119EDE18}.Debug|iPhoneSimulator.Build.0 = Debug|Any CPU
		{67532AB8-A8F3-4814-A9AA-96BE119EDE18}.Release|Any CPU.ActiveCfg = Release|Any CPU
		{67532AB8-A8F3-4814-A9AA-96BE119EDE18}.Release|Any CPU.Build.0 = Release|Any CPU
		{67532AB8-A8F3-4814-A9AA-96BE119EDE18}.Release|iPhone.ActiveCfg = Release|Any CPU
		{67532AB8-A8F3-4814-A9AA-96BE119EDE18}.Release|iPhone.Build.0 = Release|Any CPU
		{67532AB8-A8F3-4814-A9AA-96BE119EDE18}.Release|iPhoneSimulator.ActiveCfg = Release|Any CPU
		{67532AB8-A8F3-4814-A9AA-96BE119EDE18}.Release|iPhoneSimulator.Build.0 = Release|Any CPU
		{C1350362-7E63-413A-BAC3-6BFE415819A4}.Debug|Any CPU.ActiveCfg = Debug|Any CPU
		{C1350362-7E63-413A-BAC3-6BFE415819A4}.Debug|Any CPU.Build.0 = Debug|Any CPU
		{C1350362-7E63-413A-BAC3-6BFE415819A4}.Debug|iPhone.ActiveCfg = Debug|Any CPU
		{C1350362-7E63-413A-BAC3-6BFE415819A4}.Debug|iPhone.Build.0 = Debug|Any CPU
		{C1350362-7E63-413A-BAC3-6BFE415819A4}.Debug|iPhoneSimulator.ActiveCfg = Debug|Any CPU
		{C1350362-7E63-413A-BAC3-6BFE415819A4}.Debug|iPhoneSimulator.Build.0 = Debug|Any CPU
		{C1350362-7E63-413A-BAC3-6BFE415819A4}.Release|Any CPU.ActiveCfg = Release|Any CPU
		{C1350362-7E63-413A-BAC3-6BFE415819A4}.Release|Any CPU.Build.0 = Release|Any CPU
		{C1350362-7E63-413A-BAC3-6BFE415819A4}.Release|iPhone.ActiveCfg = Release|Any CPU
		{C1350362-7E63-413A-BAC3-6BFE415819A4}.Release|iPhone.Build.0 = Release|Any CPU
		{C1350362-7E63-413A-BAC3-6BFE415819A4}.Release|iPhoneSimulator.ActiveCfg = Release|Any CPU
		{C1350362-7E63-413A-BAC3-6BFE415819A4}.Release|iPhoneSimulator.Build.0 = Release|Any CPU
		{429A4197-56A2-4103-8739-D8524BFAB409}.Debug|Any CPU.ActiveCfg = Debug|Any CPU
		{429A4197-56A2-4103-8739-D8524BFAB409}.Debug|Any CPU.Build.0 = Debug|Any CPU
		{429A4197-56A2-4103-8739-D8524BFAB409}.Debug|iPhone.ActiveCfg = Debug|Any CPU
		{429A4197-56A2-4103-8739-D8524BFAB409}.Debug|iPhone.Build.0 = Debug|Any CPU
		{429A4197-56A2-4103-8739-D8524BFAB409}.Debug|iPhoneSimulator.ActiveCfg = Debug|Any CPU
		{429A4197-56A2-4103-8739-D8524BFAB409}.Debug|iPhoneSimulator.Build.0 = Debug|Any CPU
		{429A4197-56A2-4103-8739-D8524BFAB409}.Release|Any CPU.ActiveCfg = Release|Any CPU
		{429A4197-56A2-4103-8739-D8524BFAB409}.Release|Any CPU.Build.0 = Release|Any CPU
		{429A4197-56A2-4103-8739-D8524BFAB409}.Release|iPhone.ActiveCfg = Release|Any CPU
		{429A4197-56A2-4103-8739-D8524BFAB409}.Release|iPhone.Build.0 = Release|Any CPU
		{429A4197-56A2-4103-8739-D8524BFAB409}.Release|iPhoneSimulator.ActiveCfg = Release|Any CPU
		{429A4197-56A2-4103-8739-D8524BFAB409}.Release|iPhoneSimulator.Build.0 = Release|Any CPU
		{B0A9863E-9AA5-4B4C-895E-308A71944A7E}.Debug|Any CPU.ActiveCfg = Debug|Any CPU
		{B0A9863E-9AA5-4B4C-895E-308A71944A7E}.Debug|Any CPU.Build.0 = Debug|Any CPU
		{B0A9863E-9AA5-4B4C-895E-308A71944A7E}.Debug|iPhone.ActiveCfg = Debug|Any CPU
		{B0A9863E-9AA5-4B4C-895E-308A71944A7E}.Debug|iPhone.Build.0 = Debug|Any CPU
		{B0A9863E-9AA5-4B4C-895E-308A71944A7E}.Debug|iPhoneSimulator.ActiveCfg = Debug|Any CPU
		{B0A9863E-9AA5-4B4C-895E-308A71944A7E}.Debug|iPhoneSimulator.Build.0 = Debug|Any CPU
		{B0A9863E-9AA5-4B4C-895E-308A71944A7E}.Release|Any CPU.ActiveCfg = Release|Any CPU
		{B0A9863E-9AA5-4B4C-895E-308A71944A7E}.Release|Any CPU.Build.0 = Release|Any CPU
		{B0A9863E-9AA5-4B4C-895E-308A71944A7E}.Release|iPhone.ActiveCfg = Release|Any CPU
		{B0A9863E-9AA5-4B4C-895E-308A71944A7E}.Release|iPhone.Build.0 = Release|Any CPU
		{B0A9863E-9AA5-4B4C-895E-308A71944A7E}.Release|iPhoneSimulator.ActiveCfg = Release|Any CPU
		{B0A9863E-9AA5-4B4C-895E-308A71944A7E}.Release|iPhoneSimulator.Build.0 = Release|Any CPU
		{A2304C70-3CF2-4D3C-BF91-D61A2259D9F4}.Debug|Any CPU.ActiveCfg = Debug|Any CPU
		{A2304C70-3CF2-4D3C-BF91-D61A2259D9F4}.Debug|Any CPU.Build.0 = Debug|Any CPU
		{A2304C70-3CF2-4D3C-BF91-D61A2259D9F4}.Debug|iPhone.ActiveCfg = Debug|Any CPU
		{A2304C70-3CF2-4D3C-BF91-D61A2259D9F4}.Debug|iPhone.Build.0 = Debug|Any CPU
		{A2304C70-3CF2-4D3C-BF91-D61A2259D9F4}.Debug|iPhoneSimulator.ActiveCfg = Debug|Any CPU
		{A2304C70-3CF2-4D3C-BF91-D61A2259D9F4}.Debug|iPhoneSimulator.Build.0 = Debug|Any CPU
		{A2304C70-3CF2-4D3C-BF91-D61A2259D9F4}.Release|Any CPU.ActiveCfg = Release|Any CPU
		{A2304C70-3CF2-4D3C-BF91-D61A2259D9F4}.Release|Any CPU.Build.0 = Release|Any CPU
		{A2304C70-3CF2-4D3C-BF91-D61A2259D9F4}.Release|iPhone.ActiveCfg = Release|Any CPU
		{A2304C70-3CF2-4D3C-BF91-D61A2259D9F4}.Release|iPhone.Build.0 = Release|Any CPU
		{A2304C70-3CF2-4D3C-BF91-D61A2259D9F4}.Release|iPhoneSimulator.ActiveCfg = Release|Any CPU
		{A2304C70-3CF2-4D3C-BF91-D61A2259D9F4}.Release|iPhoneSimulator.Build.0 = Release|Any CPU
		{7591F879-CD7C-4D70-B2D6-93A7923C25F7}.Debug|Any CPU.ActiveCfg = Debug|Any CPU
		{7591F879-CD7C-4D70-B2D6-93A7923C25F7}.Debug|Any CPU.Build.0 = Debug|Any CPU
		{7591F879-CD7C-4D70-B2D6-93A7923C25F7}.Debug|iPhone.ActiveCfg = Debug|Any CPU
		{7591F879-CD7C-4D70-B2D6-93A7923C25F7}.Debug|iPhone.Build.0 = Debug|Any CPU
		{7591F879-CD7C-4D70-B2D6-93A7923C25F7}.Debug|iPhoneSimulator.ActiveCfg = Debug|Any CPU
		{7591F879-CD7C-4D70-B2D6-93A7923C25F7}.Debug|iPhoneSimulator.Build.0 = Debug|Any CPU
		{7591F879-CD7C-4D70-B2D6-93A7923C25F7}.Release|Any CPU.ActiveCfg = Release|Any CPU
		{7591F879-CD7C-4D70-B2D6-93A7923C25F7}.Release|Any CPU.Build.0 = Release|Any CPU
		{7591F879-CD7C-4D70-B2D6-93A7923C25F7}.Release|iPhone.ActiveCfg = Release|Any CPU
		{7591F879-CD7C-4D70-B2D6-93A7923C25F7}.Release|iPhone.Build.0 = Release|Any CPU
		{7591F879-CD7C-4D70-B2D6-93A7923C25F7}.Release|iPhoneSimulator.ActiveCfg = Release|Any CPU
		{7591F879-CD7C-4D70-B2D6-93A7923C25F7}.Release|iPhoneSimulator.Build.0 = Release|Any CPU
		{78D44115-9488-4D21-9116-52812395FBF7}.Debug|Any CPU.ActiveCfg = Debug|Any CPU
		{78D44115-9488-4D21-9116-52812395FBF7}.Debug|Any CPU.Build.0 = Debug|Any CPU
		{78D44115-9488-4D21-9116-52812395FBF7}.Debug|iPhone.ActiveCfg = Debug|Any CPU
		{78D44115-9488-4D21-9116-52812395FBF7}.Debug|iPhone.Build.0 = Debug|Any CPU
		{78D44115-9488-4D21-9116-52812395FBF7}.Debug|iPhoneSimulator.ActiveCfg = Debug|Any CPU
		{78D44115-9488-4D21-9116-52812395FBF7}.Debug|iPhoneSimulator.Build.0 = Debug|Any CPU
		{78D44115-9488-4D21-9116-52812395FBF7}.Release|Any CPU.ActiveCfg = Release|Any CPU
		{78D44115-9488-4D21-9116-52812395FBF7}.Release|Any CPU.Build.0 = Release|Any CPU
		{78D44115-9488-4D21-9116-52812395FBF7}.Release|iPhone.ActiveCfg = Release|Any CPU
		{78D44115-9488-4D21-9116-52812395FBF7}.Release|iPhone.Build.0 = Release|Any CPU
		{78D44115-9488-4D21-9116-52812395FBF7}.Release|iPhoneSimulator.ActiveCfg = Release|Any CPU
		{78D44115-9488-4D21-9116-52812395FBF7}.Release|iPhoneSimulator.Build.0 = Release|Any CPU
		{FA94D513-40A7-4E04-B85D-F3C64DA90B3E}.Debug|Any CPU.ActiveCfg = Debug|Any CPU
		{FA94D513-40A7-4E04-B85D-F3C64DA90B3E}.Debug|Any CPU.Build.0 = Debug|Any CPU
		{FA94D513-40A7-4E04-B85D-F3C64DA90B3E}.Debug|iPhone.ActiveCfg = Debug|Any CPU
		{FA94D513-40A7-4E04-B85D-F3C64DA90B3E}.Debug|iPhone.Build.0 = Debug|Any CPU
		{FA94D513-40A7-4E04-B85D-F3C64DA90B3E}.Debug|iPhoneSimulator.ActiveCfg = Debug|Any CPU
		{FA94D513-40A7-4E04-B85D-F3C64DA90B3E}.Debug|iPhoneSimulator.Build.0 = Debug|Any CPU
		{FA94D513-40A7-4E04-B85D-F3C64DA90B3E}.Release|Any CPU.ActiveCfg = Release|Any CPU
		{FA94D513-40A7-4E04-B85D-F3C64DA90B3E}.Release|Any CPU.Build.0 = Release|Any CPU
		{FA94D513-40A7-4E04-B85D-F3C64DA90B3E}.Release|iPhone.ActiveCfg = Release|Any CPU
		{FA94D513-40A7-4E04-B85D-F3C64DA90B3E}.Release|iPhone.Build.0 = Release|Any CPU
		{FA94D513-40A7-4E04-B85D-F3C64DA90B3E}.Release|iPhoneSimulator.ActiveCfg = Release|Any CPU
		{FA94D513-40A7-4E04-B85D-F3C64DA90B3E}.Release|iPhoneSimulator.Build.0 = Release|Any CPU
		{211ACE6B-7EDD-465B-A172-5D90ED5C0469}.Debug|Any CPU.ActiveCfg = Debug|Any CPU
		{211ACE6B-7EDD-465B-A172-5D90ED5C0469}.Debug|Any CPU.Build.0 = Debug|Any CPU
		{211ACE6B-7EDD-465B-A172-5D90ED5C0469}.Debug|iPhone.ActiveCfg = Debug|Any CPU
		{211ACE6B-7EDD-465B-A172-5D90ED5C0469}.Debug|iPhone.Build.0 = Debug|Any CPU
		{211ACE6B-7EDD-465B-A172-5D90ED5C0469}.Debug|iPhoneSimulator.ActiveCfg = Debug|Any CPU
		{211ACE6B-7EDD-465B-A172-5D90ED5C0469}.Debug|iPhoneSimulator.Build.0 = Debug|Any CPU
		{211ACE6B-7EDD-465B-A172-5D90ED5C0469}.Release|Any CPU.ActiveCfg = Release|Any CPU
		{211ACE6B-7EDD-465B-A172-5D90ED5C0469}.Release|Any CPU.Build.0 = Release|Any CPU
		{211ACE6B-7EDD-465B-A172-5D90ED5C0469}.Release|iPhone.ActiveCfg = Release|Any CPU
		{211ACE6B-7EDD-465B-A172-5D90ED5C0469}.Release|iPhone.Build.0 = Release|Any CPU
		{211ACE6B-7EDD-465B-A172-5D90ED5C0469}.Release|iPhoneSimulator.ActiveCfg = Release|Any CPU
		{211ACE6B-7EDD-465B-A172-5D90ED5C0469}.Release|iPhoneSimulator.Build.0 = Release|Any CPU
		{A25F8B85-A477-44FC-9003-7555D56CB78C}.Debug|Any CPU.ActiveCfg = Debug|Any CPU
		{A25F8B85-A477-44FC-9003-7555D56CB78C}.Debug|Any CPU.Build.0 = Debug|Any CPU
		{A25F8B85-A477-44FC-9003-7555D56CB78C}.Debug|iPhone.ActiveCfg = Debug|Any CPU
		{A25F8B85-A477-44FC-9003-7555D56CB78C}.Debug|iPhone.Build.0 = Debug|Any CPU
		{A25F8B85-A477-44FC-9003-7555D56CB78C}.Debug|iPhoneSimulator.ActiveCfg = Debug|Any CPU
		{A25F8B85-A477-44FC-9003-7555D56CB78C}.Debug|iPhoneSimulator.Build.0 = Debug|Any CPU
		{A25F8B85-A477-44FC-9003-7555D56CB78C}.Release|Any CPU.ActiveCfg = Release|Any CPU
		{A25F8B85-A477-44FC-9003-7555D56CB78C}.Release|Any CPU.Build.0 = Release|Any CPU
		{A25F8B85-A477-44FC-9003-7555D56CB78C}.Release|iPhone.ActiveCfg = Release|Any CPU
		{A25F8B85-A477-44FC-9003-7555D56CB78C}.Release|iPhone.Build.0 = Release|Any CPU
		{A25F8B85-A477-44FC-9003-7555D56CB78C}.Release|iPhoneSimulator.ActiveCfg = Release|Any CPU
		{A25F8B85-A477-44FC-9003-7555D56CB78C}.Release|iPhoneSimulator.Build.0 = Release|Any CPU
		{54D5B96F-8BA4-48A5-89AF-15C8F4B8A36C}.Debug|Any CPU.ActiveCfg = Debug|Any CPU
		{54D5B96F-8BA4-48A5-89AF-15C8F4B8A36C}.Debug|Any CPU.Build.0 = Debug|Any CPU
		{54D5B96F-8BA4-48A5-89AF-15C8F4B8A36C}.Debug|iPhone.ActiveCfg = Debug|Any CPU
		{54D5B96F-8BA4-48A5-89AF-15C8F4B8A36C}.Debug|iPhone.Build.0 = Debug|Any CPU
		{54D5B96F-8BA4-48A5-89AF-15C8F4B8A36C}.Debug|iPhoneSimulator.ActiveCfg = Debug|Any CPU
		{54D5B96F-8BA4-48A5-89AF-15C8F4B8A36C}.Debug|iPhoneSimulator.Build.0 = Debug|Any CPU
		{54D5B96F-8BA4-48A5-89AF-15C8F4B8A36C}.Release|Any CPU.ActiveCfg = Release|Any CPU
		{54D5B96F-8BA4-48A5-89AF-15C8F4B8A36C}.Release|Any CPU.Build.0 = Release|Any CPU
		{54D5B96F-8BA4-48A5-89AF-15C8F4B8A36C}.Release|iPhone.ActiveCfg = Release|Any CPU
		{54D5B96F-8BA4-48A5-89AF-15C8F4B8A36C}.Release|iPhone.Build.0 = Release|Any CPU
		{54D5B96F-8BA4-48A5-89AF-15C8F4B8A36C}.Release|iPhoneSimulator.ActiveCfg = Release|Any CPU
		{54D5B96F-8BA4-48A5-89AF-15C8F4B8A36C}.Release|iPhoneSimulator.Build.0 = Release|Any CPU
		{1070580C-5EE1-45F9-849B-15A41DA9CA1E}.Debug|Any CPU.ActiveCfg = Debug|Any CPU
		{1070580C-5EE1-45F9-849B-15A41DA9CA1E}.Debug|Any CPU.Build.0 = Debug|Any CPU
		{1070580C-5EE1-45F9-849B-15A41DA9CA1E}.Debug|iPhone.ActiveCfg = Debug|Any CPU
		{1070580C-5EE1-45F9-849B-15A41DA9CA1E}.Debug|iPhone.Build.0 = Debug|Any CPU
		{1070580C-5EE1-45F9-849B-15A41DA9CA1E}.Debug|iPhoneSimulator.ActiveCfg = Debug|Any CPU
		{1070580C-5EE1-45F9-849B-15A41DA9CA1E}.Debug|iPhoneSimulator.Build.0 = Debug|Any CPU
		{1070580C-5EE1-45F9-849B-15A41DA9CA1E}.Release|Any CPU.ActiveCfg = Release|Any CPU
		{1070580C-5EE1-45F9-849B-15A41DA9CA1E}.Release|Any CPU.Build.0 = Release|Any CPU
		{1070580C-5EE1-45F9-849B-15A41DA9CA1E}.Release|iPhone.ActiveCfg = Release|Any CPU
		{1070580C-5EE1-45F9-849B-15A41DA9CA1E}.Release|iPhone.Build.0 = Release|Any CPU
		{1070580C-5EE1-45F9-849B-15A41DA9CA1E}.Release|iPhoneSimulator.ActiveCfg = Release|Any CPU
		{1070580C-5EE1-45F9-849B-15A41DA9CA1E}.Release|iPhoneSimulator.Build.0 = Release|Any CPU
		{6BA8FA53-CF60-436F-AF66-C832D1198D4A}.Debug|Any CPU.ActiveCfg = Debug|Any CPU
		{6BA8FA53-CF60-436F-AF66-C832D1198D4A}.Debug|Any CPU.Build.0 = Debug|Any CPU
		{6BA8FA53-CF60-436F-AF66-C832D1198D4A}.Debug|iPhone.ActiveCfg = Debug|Any CPU
		{6BA8FA53-CF60-436F-AF66-C832D1198D4A}.Debug|iPhone.Build.0 = Debug|Any CPU
		{6BA8FA53-CF60-436F-AF66-C832D1198D4A}.Debug|iPhoneSimulator.ActiveCfg = Debug|Any CPU
		{6BA8FA53-CF60-436F-AF66-C832D1198D4A}.Debug|iPhoneSimulator.Build.0 = Debug|Any CPU
		{6BA8FA53-CF60-436F-AF66-C832D1198D4A}.Release|Any CPU.ActiveCfg = Release|Any CPU
		{6BA8FA53-CF60-436F-AF66-C832D1198D4A}.Release|Any CPU.Build.0 = Release|Any CPU
		{6BA8FA53-CF60-436F-AF66-C832D1198D4A}.Release|iPhone.ActiveCfg = Release|Any CPU
		{6BA8FA53-CF60-436F-AF66-C832D1198D4A}.Release|iPhone.Build.0 = Release|Any CPU
		{6BA8FA53-CF60-436F-AF66-C832D1198D4A}.Release|iPhoneSimulator.ActiveCfg = Release|Any CPU
		{6BA8FA53-CF60-436F-AF66-C832D1198D4A}.Release|iPhoneSimulator.Build.0 = Release|Any CPU
		{40FE5CCD-9EC6-4174-A3D5-CEBB9C8D2446}.Debug|Any CPU.ActiveCfg = Debug|Any CPU
		{40FE5CCD-9EC6-4174-A3D5-CEBB9C8D2446}.Debug|Any CPU.Build.0 = Debug|Any CPU
		{40FE5CCD-9EC6-4174-A3D5-CEBB9C8D2446}.Debug|iPhone.ActiveCfg = Debug|Any CPU
		{40FE5CCD-9EC6-4174-A3D5-CEBB9C8D2446}.Debug|iPhone.Build.0 = Debug|Any CPU
		{40FE5CCD-9EC6-4174-A3D5-CEBB9C8D2446}.Debug|iPhoneSimulator.ActiveCfg = Debug|Any CPU
		{40FE5CCD-9EC6-4174-A3D5-CEBB9C8D2446}.Debug|iPhoneSimulator.Build.0 = Debug|Any CPU
		{40FE5CCD-9EC6-4174-A3D5-CEBB9C8D2446}.Release|Any CPU.ActiveCfg = Release|Any CPU
		{40FE5CCD-9EC6-4174-A3D5-CEBB9C8D2446}.Release|Any CPU.Build.0 = Release|Any CPU
		{40FE5CCD-9EC6-4174-A3D5-CEBB9C8D2446}.Release|iPhone.ActiveCfg = Release|Any CPU
		{40FE5CCD-9EC6-4174-A3D5-CEBB9C8D2446}.Release|iPhone.Build.0 = Release|Any CPU
		{40FE5CCD-9EC6-4174-A3D5-CEBB9C8D2446}.Release|iPhoneSimulator.ActiveCfg = Release|Any CPU
		{40FE5CCD-9EC6-4174-A3D5-CEBB9C8D2446}.Release|iPhoneSimulator.Build.0 = Release|Any CPU
		{74B6E59E-18D5-413F-A893-2380CDBCC771}.Debug|Any CPU.ActiveCfg = Debug|Any CPU
		{74B6E59E-18D5-413F-A893-2380CDBCC771}.Debug|Any CPU.Build.0 = Debug|Any CPU
		{74B6E59E-18D5-413F-A893-2380CDBCC771}.Debug|iPhone.ActiveCfg = Debug|Any CPU
		{74B6E59E-18D5-413F-A893-2380CDBCC771}.Debug|iPhone.Build.0 = Debug|Any CPU
		{74B6E59E-18D5-413F-A893-2380CDBCC771}.Debug|iPhoneSimulator.ActiveCfg = Debug|Any CPU
		{74B6E59E-18D5-413F-A893-2380CDBCC771}.Debug|iPhoneSimulator.Build.0 = Debug|Any CPU
		{74B6E59E-18D5-413F-A893-2380CDBCC771}.Release|Any CPU.ActiveCfg = Release|Any CPU
		{74B6E59E-18D5-413F-A893-2380CDBCC771}.Release|Any CPU.Build.0 = Release|Any CPU
		{74B6E59E-18D5-413F-A893-2380CDBCC771}.Release|iPhone.ActiveCfg = Release|Any CPU
		{74B6E59E-18D5-413F-A893-2380CDBCC771}.Release|iPhone.Build.0 = Release|Any CPU
		{74B6E59E-18D5-413F-A893-2380CDBCC771}.Release|iPhoneSimulator.ActiveCfg = Release|Any CPU
		{74B6E59E-18D5-413F-A893-2380CDBCC771}.Release|iPhoneSimulator.Build.0 = Release|Any CPU
		{80401DFA-F9B9-490B-B1E4-9CFFEAB02955}.Debug|Any CPU.ActiveCfg = Debug|Any CPU
		{80401DFA-F9B9-490B-B1E4-9CFFEAB02955}.Debug|Any CPU.Build.0 = Debug|Any CPU
		{80401DFA-F9B9-490B-B1E4-9CFFEAB02955}.Debug|iPhone.ActiveCfg = Debug|Any CPU
		{80401DFA-F9B9-490B-B1E4-9CFFEAB02955}.Debug|iPhone.Build.0 = Debug|Any CPU
		{80401DFA-F9B9-490B-B1E4-9CFFEAB02955}.Debug|iPhoneSimulator.ActiveCfg = Debug|Any CPU
		{80401DFA-F9B9-490B-B1E4-9CFFEAB02955}.Debug|iPhoneSimulator.Build.0 = Debug|Any CPU
		{80401DFA-F9B9-490B-B1E4-9CFFEAB02955}.Release|Any CPU.ActiveCfg = Release|Any CPU
		{80401DFA-F9B9-490B-B1E4-9CFFEAB02955}.Release|Any CPU.Build.0 = Release|Any CPU
		{80401DFA-F9B9-490B-B1E4-9CFFEAB02955}.Release|iPhone.ActiveCfg = Release|Any CPU
		{80401DFA-F9B9-490B-B1E4-9CFFEAB02955}.Release|iPhone.Build.0 = Release|Any CPU
		{80401DFA-F9B9-490B-B1E4-9CFFEAB02955}.Release|iPhoneSimulator.ActiveCfg = Release|Any CPU
		{80401DFA-F9B9-490B-B1E4-9CFFEAB02955}.Release|iPhoneSimulator.Build.0 = Release|Any CPU
	EndGlobalSection
	GlobalSection(SolutionProperties) = preSolution
		HideSolutionNode = FALSE
	EndGlobalSection
	GlobalSection(ExtensibilityGlobals) = postSolution
		SolutionGuid = {5F42E8C2-F2A3-4079-8C06-D804AAC7D4AE}
	EndGlobalSection
EndGlobal
