
Microsoft Visual Studio Solution File, Format Version 12.00
# Visual Studio Version 16
VisualStudioVersion = 16.0.29021.104
MinimumVisualStudioVersion = 10.0.40219.1
Project("{FAE04EC0-301F-11D3-BF4B-00C04F79EFBC}") = "lab_01_hello_world", "lab_01_hello_world\lab_01_hello_world.csproj", "{103B01ED-83D4-4D2A-966A-628137D11D7B}"
EndProject
Project("{9A19103F-16F7-4668-BE54-9A1E7A4F7556}") = "lab_02_class", "lab_02_class\lab_02_class.csproj", "{39F5866D-36E3-4497-A2D6-D6FC4644EEF7}"
EndProject
Project("{9A19103F-16F7-4668-BE54-9A1E7A4F7556}") = "lab_03_private_public_fields", "lab_03_private_public_fields\lab_03_private_public_fields.csproj", "{EC1DB4AE-F80E-4AA3-B64A-BC976FF1FCC3}"
EndProject
Project("{9A19103F-16F7-4668-BE54-9A1E7A4F7556}") = "lab_04_class_summary", "lab_04_class_summary\lab_04_class_summary.csproj", "{12B66C5B-BD92-430E-8BCB-12190CF0BBFF}"
EndProject
Project("{9A19103F-16F7-4668-BE54-9A1E7A4F7556}") = "lab_05_Properties", "lab_05_Properties\lab_05_Properties.csproj", "{26D4ACC6-7B41-420A-A0AD-38C8969898CB}"
EndProject
Project("{9A19103F-16F7-4668-BE54-9A1E7A4F7556}") = "lab_06_inheritance", "lab_6_inheritance\lab_06_inheritance.csproj", "{5674F9D0-6468-472C-9D9D-1EFD95E4F091}"
EndProject
Project("{9A19103F-16F7-4668-BE54-9A1E7A4F7556}") = "lab_07_methods", "lab_7_methods\lab_07_methods.csproj", "{A1ECA253-0A90-447C-91DD-7E01656A720F}"
EndProject
Project("{9A19103F-16F7-4668-BE54-9A1E7A4F7556}") = "lab_08_dynamic", "lab_8_dynamic\lab_08_dynamic.csproj", "{526A8563-DE37-48EA-A783-7971465DDAAC}"
EndProject
Project("{9A19103F-16F7-4668-BE54-9A1E7A4F7556}") = "lab_09_constructor", "lab_09_constructor\lab_09_constructor.csproj", "{A8CBC1D0-3CA4-44AF-8E9C-001FF33C98D5}"
EndProject
Project("{9A19103F-16F7-4668-BE54-9A1E7A4F7556}") = "lab_10_overloading", "lab_10_overloading\lab_10_overloading.csproj", "{2177706D-C69D-4405-8D1B-048BD505753E}"
EndProject
Project("{9A19103F-16F7-4668-BE54-9A1E7A4F7556}") = "do_it_03_arrays", "do_it_03_arrays\do_it_03_arrays.csproj", "{C6123D73-0FCD-419D-970A-71B9A932192A}"
EndProject
Project("{9A19103F-16F7-4668-BE54-9A1E7A4F7556}") = "lab_11_polymorphism", "lab_11_polymorphism\lab_11_polymorphism.csproj", "{F1AA6566-6930-475C-BBCE-C4965571AD00}"
EndProject
Project("{9A19103F-16F7-4668-BE54-9A1E7A4F7556}") = "do_it_rabbit_explosion", "do_it_rabbit_explosion\do_it_rabbit_explosion.csproj", "{677CE93A-B0E9-472B-A93D-942AF6276FD5}"
EndProject
Project("{9A19103F-16F7-4668-BE54-9A1E7A4F7556}") = "NUnit_Tests", "NUnit_Tests\NUnit_Tests.csproj", "{5ACFC15F-DD79-49F1-8A96-F7016BAB4155}"
EndProject
Project("{9A19103F-16F7-4668-BE54-9A1E7A4F7556}") = "lab_12_test_me_out", "lab_12_test_me_out\lab_12_test_me_out.csproj", "{FBAD5115-FFA6-4366-8CE2-A694AEEC63AF}"
EndProject
Project("{9A19103F-16F7-4668-BE54-9A1E7A4F7556}") = "do_it_04_incrementers", "do_it_04_incrementers\do_it_04_incrementers.csproj", "{6F2270CD-3D01-4DE7-8272-A08A60EA6BA1}"
EndProject
Project("{9A19103F-16F7-4668-BE54-9A1E7A4F7556}") = "do_it_05_BIDMAS", "do_it_05_BIDMAS\do_it_05_BIDMAS.csproj", "{5AFA97B0-2284-45C5-8A81-9A202E7A6DD0}"
EndProject
Project("{9A19103F-16F7-4668-BE54-9A1E7A4F7556}") = "do_it_06_loops", "do_it_06_loops\do_it_06_loops.csproj", "{72EC3B6E-9EBE-4C41-98DA-D17FC4DB2C6C}"
EndProject
Project("{9A19103F-16F7-4668-BE54-9A1E7A4F7556}") = "do_it_07_switch", "do_it_07_switch\do_it_07_switch.csproj", "{013B589F-3F10-4242-83BB-8F634C2B0374}"
EndProject
Project("{9A19103F-16F7-4668-BE54-9A1E7A4F7556}") = "do_it_08_tests_raise_to_power", "do_it_08_tests_raise_to_power\do_it_08_tests_raise_to_power.csproj", "{9A1D2EFC-71D4-4B1C-A786-D369AE6DE21C}"
EndProject
Project("{9A19103F-16F7-4668-BE54-9A1E7A4F7556}") = "lab_13_files", "lab_13_files\lab_13_files.csproj", "{5DCA2570-B163-47E1-9F72-9D2E8705AFE5}"
EndProject
Project("{9A19103F-16F7-4668-BE54-9A1E7A4F7556}") = "lab_14_stopwatch", "lab_14_stopwatch\lab_14_stopwatch.csproj", "{71F2AFA5-CD23-492D-B108-12D41CA3817E}"
EndProject
Project("{9A19103F-16F7-4668-BE54-9A1E7A4F7556}") = "lab_15_abstract_class", "lab_15_abstract_class\lab_15_abstract_class.csproj", "{85D02D02-C420-4386-964D-F1F564D125CF}"
EndProject
Project("{FAE04EC0-301F-11D3-BF4B-00C04F79EFBC}") = "lab_16_wpf_rabbit_explosion", "lab_16_wpf_rabbit_explosion\lab_16_wpf_rabbit_explosion.csproj", "{12D78452-60AC-4D06-9E2D-FEBBBA7810F8}"
EndProject
Project("{FAE04EC0-301F-11D3-BF4B-00C04F79EFBC}") = "do_it_wpf_rabbits", "do_it_wpf_rabbits\do_it_wpf_rabbits.csproj", "{2440C424-028F-4230-AC79-F4D24B5EEF04}"
EndProject
Project("{FAE04EC0-301F-11D3-BF4B-00C04F79EFBC}") = "wpf_rabbits_explosion_new", "wpf_rabbits_explosion_new\wpf_rabbits_explosion_new.csproj", "{CA4784CC-63FC-4152-9057-AD92F4E1FC69}"
EndProject
Project("{FAE04EC0-301F-11D3-BF4B-00C04F79EFBC}") = "lab_17_rabbit_database_explosion", "lab_17_rabbit_database_explosion\lab_17_rabbit_database_explosion.csproj", "{618A98FE-930B-4B34-A242-BF3A599E0B62}"
EndProject
Project("{FAE04EC0-301F-11D3-BF4B-00C04F79EFBC}") = "Just_Do_It_12_Rabbit_Explosion", "Just_Do_It_12_Rabbit_Explosion\Just_Do_It_12_Rabbit_Explosion.csproj", "{9BA650B7-1EA7-4E46-9667-382DBCD20F1D}"
EndProject
Project("{FAE04EC0-301F-11D3-BF4B-00C04F79EFBC}") = "Just_Do_It_12_Rabbit_Explosion_Extra", "Just_Do_It_12_Rabbit_Explosion_Extra\Just_Do_It_12_Rabbit_Explosion_Extra.csproj", "{F4505D5C-DEA0-4C65-A6D6-D41B5696F4B1}"
EndProject
Project("{FAE04EC0-301F-11D3-BF4B-00C04F79EFBC}") = "lab_18_Rabbit_Database_CRUD", "lab_18_Rabbit_Database_CRUD\lab_18_Rabbit_Database_CRUD.csproj", "{8892538B-5B1A-4335-90FB-4DB266A0213B}"
EndProject
Project("{FAE04EC0-301F-11D3-BF4B-00C04F79EFBC}") = "MiniBank", "MiniBank\MiniBank.csproj", "{0083CDC4-9379-4EE5-BF25-484BF1232666}"
EndProject
Project("{9A19103F-16F7-4668-BE54-9A1E7A4F7556}") = "lab_19_struct", "lab_19_struct\lab_19_struct.csproj", "{79FC63BB-EB9D-4C1B-9BEE-AE6F10CEF8FB}"
EndProject
Project("{9A19103F-16F7-4668-BE54-9A1E7A4F7556}") = "lab_20_array", "lab_20_array\lab_20_array.csproj", "{04D3C998-A8B9-45B2-BE84-D8DD9C61621D}"
EndProject
Project("{9A19103F-16F7-4668-BE54-9A1E7A4F7556}") = "lab_21_collections", "lab_21_collections\lab_21_collections.csproj", "{69F8044C-E9AF-4EB5-BA65-DE0D921B0899}"
EndProject
Project("{FAE04EC0-301F-11D3-BF4B-00C04F79EFBC}") = "lab_22_Northwind", "lab_22_Northwind\lab_22_Northwind.csproj", "{02DFF897-E307-4070-B871-FC51D716EB20}"
EndProject
Project("{FAE04EC0-301F-11D3-BF4B-00C04F79EFBC}") = "lab_23_LINQ", "lab_23_LINQ\lab_23_LINQ.csproj", "{379B413D-F3CA-4A6F-9B36-AE61BBEB4D9D}"
EndProject
Project("{FAE04EC0-301F-11D3-BF4B-00C04F79EFBC}") = "lab_24_Customers_App", "lab_24_Customers_App\lab_24_Customers_App.csproj", "{3B7DE254-B9BC-401D-B4AE-AE851E0797E1}"
EndProject
Global
	GlobalSection(SolutionConfigurationPlatforms) = preSolution
		Debug|Any CPU = Debug|Any CPU
		Release|Any CPU = Release|Any CPU
	EndGlobalSection
	GlobalSection(ProjectConfigurationPlatforms) = postSolution
		{103B01ED-83D4-4D2A-966A-628137D11D7B}.Debug|Any CPU.ActiveCfg = Debug|Any CPU
		{103B01ED-83D4-4D2A-966A-628137D11D7B}.Debug|Any CPU.Build.0 = Debug|Any CPU
		{103B01ED-83D4-4D2A-966A-628137D11D7B}.Release|Any CPU.ActiveCfg = Release|Any CPU
		{103B01ED-83D4-4D2A-966A-628137D11D7B}.Release|Any CPU.Build.0 = Release|Any CPU
		{39F5866D-36E3-4497-A2D6-D6FC4644EEF7}.Debug|Any CPU.ActiveCfg = Debug|Any CPU
		{39F5866D-36E3-4497-A2D6-D6FC4644EEF7}.Debug|Any CPU.Build.0 = Debug|Any CPU
		{39F5866D-36E3-4497-A2D6-D6FC4644EEF7}.Release|Any CPU.ActiveCfg = Release|Any CPU
		{39F5866D-36E3-4497-A2D6-D6FC4644EEF7}.Release|Any CPU.Build.0 = Release|Any CPU
		{EC1DB4AE-F80E-4AA3-B64A-BC976FF1FCC3}.Debug|Any CPU.ActiveCfg = Debug|Any CPU
		{EC1DB4AE-F80E-4AA3-B64A-BC976FF1FCC3}.Debug|Any CPU.Build.0 = Debug|Any CPU
		{EC1DB4AE-F80E-4AA3-B64A-BC976FF1FCC3}.Release|Any CPU.ActiveCfg = Release|Any CPU
		{EC1DB4AE-F80E-4AA3-B64A-BC976FF1FCC3}.Release|Any CPU.Build.0 = Release|Any CPU
		{12B66C5B-BD92-430E-8BCB-12190CF0BBFF}.Debug|Any CPU.ActiveCfg = Debug|Any CPU
		{12B66C5B-BD92-430E-8BCB-12190CF0BBFF}.Debug|Any CPU.Build.0 = Debug|Any CPU
		{12B66C5B-BD92-430E-8BCB-12190CF0BBFF}.Release|Any CPU.ActiveCfg = Release|Any CPU
		{12B66C5B-BD92-430E-8BCB-12190CF0BBFF}.Release|Any CPU.Build.0 = Release|Any CPU
		{26D4ACC6-7B41-420A-A0AD-38C8969898CB}.Debug|Any CPU.ActiveCfg = Debug|Any CPU
		{26D4ACC6-7B41-420A-A0AD-38C8969898CB}.Debug|Any CPU.Build.0 = Debug|Any CPU
		{26D4ACC6-7B41-420A-A0AD-38C8969898CB}.Release|Any CPU.ActiveCfg = Release|Any CPU
		{26D4ACC6-7B41-420A-A0AD-38C8969898CB}.Release|Any CPU.Build.0 = Release|Any CPU
		{5674F9D0-6468-472C-9D9D-1EFD95E4F091}.Debug|Any CPU.ActiveCfg = Debug|Any CPU
		{5674F9D0-6468-472C-9D9D-1EFD95E4F091}.Debug|Any CPU.Build.0 = Debug|Any CPU
		{5674F9D0-6468-472C-9D9D-1EFD95E4F091}.Release|Any CPU.ActiveCfg = Release|Any CPU
		{5674F9D0-6468-472C-9D9D-1EFD95E4F091}.Release|Any CPU.Build.0 = Release|Any CPU
		{A1ECA253-0A90-447C-91DD-7E01656A720F}.Debug|Any CPU.ActiveCfg = Debug|Any CPU
		{A1ECA253-0A90-447C-91DD-7E01656A720F}.Debug|Any CPU.Build.0 = Debug|Any CPU
		{A1ECA253-0A90-447C-91DD-7E01656A720F}.Release|Any CPU.ActiveCfg = Release|Any CPU
		{A1ECA253-0A90-447C-91DD-7E01656A720F}.Release|Any CPU.Build.0 = Release|Any CPU
		{526A8563-DE37-48EA-A783-7971465DDAAC}.Debug|Any CPU.ActiveCfg = Debug|Any CPU
		{526A8563-DE37-48EA-A783-7971465DDAAC}.Debug|Any CPU.Build.0 = Debug|Any CPU
		{526A8563-DE37-48EA-A783-7971465DDAAC}.Release|Any CPU.ActiveCfg = Release|Any CPU
		{526A8563-DE37-48EA-A783-7971465DDAAC}.Release|Any CPU.Build.0 = Release|Any CPU
		{A8CBC1D0-3CA4-44AF-8E9C-001FF33C98D5}.Debug|Any CPU.ActiveCfg = Debug|Any CPU
		{A8CBC1D0-3CA4-44AF-8E9C-001FF33C98D5}.Debug|Any CPU.Build.0 = Debug|Any CPU
		{A8CBC1D0-3CA4-44AF-8E9C-001FF33C98D5}.Release|Any CPU.ActiveCfg = Release|Any CPU
		{A8CBC1D0-3CA4-44AF-8E9C-001FF33C98D5}.Release|Any CPU.Build.0 = Release|Any CPU
		{2177706D-C69D-4405-8D1B-048BD505753E}.Debug|Any CPU.ActiveCfg = Debug|Any CPU
		{2177706D-C69D-4405-8D1B-048BD505753E}.Debug|Any CPU.Build.0 = Debug|Any CPU
		{2177706D-C69D-4405-8D1B-048BD505753E}.Release|Any CPU.ActiveCfg = Release|Any CPU
		{2177706D-C69D-4405-8D1B-048BD505753E}.Release|Any CPU.Build.0 = Release|Any CPU
		{C6123D73-0FCD-419D-970A-71B9A932192A}.Debug|Any CPU.ActiveCfg = Debug|Any CPU
		{C6123D73-0FCD-419D-970A-71B9A932192A}.Debug|Any CPU.Build.0 = Debug|Any CPU
		{C6123D73-0FCD-419D-970A-71B9A932192A}.Release|Any CPU.ActiveCfg = Release|Any CPU
		{C6123D73-0FCD-419D-970A-71B9A932192A}.Release|Any CPU.Build.0 = Release|Any CPU
		{F1AA6566-6930-475C-BBCE-C4965571AD00}.Debug|Any CPU.ActiveCfg = Debug|Any CPU
		{F1AA6566-6930-475C-BBCE-C4965571AD00}.Debug|Any CPU.Build.0 = Debug|Any CPU
		{F1AA6566-6930-475C-BBCE-C4965571AD00}.Release|Any CPU.ActiveCfg = Release|Any CPU
		{F1AA6566-6930-475C-BBCE-C4965571AD00}.Release|Any CPU.Build.0 = Release|Any CPU
		{677CE93A-B0E9-472B-A93D-942AF6276FD5}.Debug|Any CPU.ActiveCfg = Debug|Any CPU
		{677CE93A-B0E9-472B-A93D-942AF6276FD5}.Debug|Any CPU.Build.0 = Debug|Any CPU
		{677CE93A-B0E9-472B-A93D-942AF6276FD5}.Release|Any CPU.ActiveCfg = Release|Any CPU
		{677CE93A-B0E9-472B-A93D-942AF6276FD5}.Release|Any CPU.Build.0 = Release|Any CPU
		{5ACFC15F-DD79-49F1-8A96-F7016BAB4155}.Debug|Any CPU.ActiveCfg = Debug|Any CPU
		{5ACFC15F-DD79-49F1-8A96-F7016BAB4155}.Debug|Any CPU.Build.0 = Debug|Any CPU
		{5ACFC15F-DD79-49F1-8A96-F7016BAB4155}.Release|Any CPU.ActiveCfg = Release|Any CPU
		{5ACFC15F-DD79-49F1-8A96-F7016BAB4155}.Release|Any CPU.Build.0 = Release|Any CPU
		{FBAD5115-FFA6-4366-8CE2-A694AEEC63AF}.Debug|Any CPU.ActiveCfg = Debug|Any CPU
		{FBAD5115-FFA6-4366-8CE2-A694AEEC63AF}.Debug|Any CPU.Build.0 = Debug|Any CPU
		{FBAD5115-FFA6-4366-8CE2-A694AEEC63AF}.Release|Any CPU.ActiveCfg = Release|Any CPU
		{FBAD5115-FFA6-4366-8CE2-A694AEEC63AF}.Release|Any CPU.Build.0 = Release|Any CPU
		{6F2270CD-3D01-4DE7-8272-A08A60EA6BA1}.Debug|Any CPU.ActiveCfg = Debug|Any CPU
		{6F2270CD-3D01-4DE7-8272-A08A60EA6BA1}.Debug|Any CPU.Build.0 = Debug|Any CPU
		{6F2270CD-3D01-4DE7-8272-A08A60EA6BA1}.Release|Any CPU.ActiveCfg = Release|Any CPU
		{6F2270CD-3D01-4DE7-8272-A08A60EA6BA1}.Release|Any CPU.Build.0 = Release|Any CPU
		{5AFA97B0-2284-45C5-8A81-9A202E7A6DD0}.Debug|Any CPU.ActiveCfg = Debug|Any CPU
		{5AFA97B0-2284-45C5-8A81-9A202E7A6DD0}.Debug|Any CPU.Build.0 = Debug|Any CPU
		{5AFA97B0-2284-45C5-8A81-9A202E7A6DD0}.Release|Any CPU.ActiveCfg = Release|Any CPU
		{5AFA97B0-2284-45C5-8A81-9A202E7A6DD0}.Release|Any CPU.Build.0 = Release|Any CPU
		{72EC3B6E-9EBE-4C41-98DA-D17FC4DB2C6C}.Debug|Any CPU.ActiveCfg = Debug|Any CPU
		{72EC3B6E-9EBE-4C41-98DA-D17FC4DB2C6C}.Debug|Any CPU.Build.0 = Debug|Any CPU
		{72EC3B6E-9EBE-4C41-98DA-D17FC4DB2C6C}.Release|Any CPU.ActiveCfg = Release|Any CPU
		{72EC3B6E-9EBE-4C41-98DA-D17FC4DB2C6C}.Release|Any CPU.Build.0 = Release|Any CPU
		{013B589F-3F10-4242-83BB-8F634C2B0374}.Debug|Any CPU.ActiveCfg = Debug|Any CPU
		{013B589F-3F10-4242-83BB-8F634C2B0374}.Debug|Any CPU.Build.0 = Debug|Any CPU
		{013B589F-3F10-4242-83BB-8F634C2B0374}.Release|Any CPU.ActiveCfg = Release|Any CPU
		{013B589F-3F10-4242-83BB-8F634C2B0374}.Release|Any CPU.Build.0 = Release|Any CPU
		{9A1D2EFC-71D4-4B1C-A786-D369AE6DE21C}.Debug|Any CPU.ActiveCfg = Debug|Any CPU
		{9A1D2EFC-71D4-4B1C-A786-D369AE6DE21C}.Debug|Any CPU.Build.0 = Debug|Any CPU
		{9A1D2EFC-71D4-4B1C-A786-D369AE6DE21C}.Release|Any CPU.ActiveCfg = Release|Any CPU
		{9A1D2EFC-71D4-4B1C-A786-D369AE6DE21C}.Release|Any CPU.Build.0 = Release|Any CPU
		{5DCA2570-B163-47E1-9F72-9D2E8705AFE5}.Debug|Any CPU.ActiveCfg = Debug|Any CPU
		{5DCA2570-B163-47E1-9F72-9D2E8705AFE5}.Debug|Any CPU.Build.0 = Debug|Any CPU
		{5DCA2570-B163-47E1-9F72-9D2E8705AFE5}.Release|Any CPU.ActiveCfg = Release|Any CPU
		{5DCA2570-B163-47E1-9F72-9D2E8705AFE5}.Release|Any CPU.Build.0 = Release|Any CPU
		{71F2AFA5-CD23-492D-B108-12D41CA3817E}.Debug|Any CPU.ActiveCfg = Debug|Any CPU
		{71F2AFA5-CD23-492D-B108-12D41CA3817E}.Debug|Any CPU.Build.0 = Debug|Any CPU
		{71F2AFA5-CD23-492D-B108-12D41CA3817E}.Release|Any CPU.ActiveCfg = Release|Any CPU
		{71F2AFA5-CD23-492D-B108-12D41CA3817E}.Release|Any CPU.Build.0 = Release|Any CPU
		{85D02D02-C420-4386-964D-F1F564D125CF}.Debug|Any CPU.ActiveCfg = Debug|Any CPU
		{85D02D02-C420-4386-964D-F1F564D125CF}.Debug|Any CPU.Build.0 = Debug|Any CPU
		{85D02D02-C420-4386-964D-F1F564D125CF}.Release|Any CPU.ActiveCfg = Release|Any CPU
		{85D02D02-C420-4386-964D-F1F564D125CF}.Release|Any CPU.Build.0 = Release|Any CPU
		{12D78452-60AC-4D06-9E2D-FEBBBA7810F8}.Debug|Any CPU.ActiveCfg = Debug|Any CPU
		{12D78452-60AC-4D06-9E2D-FEBBBA7810F8}.Debug|Any CPU.Build.0 = Debug|Any CPU
		{12D78452-60AC-4D06-9E2D-FEBBBA7810F8}.Release|Any CPU.ActiveCfg = Release|Any CPU
		{12D78452-60AC-4D06-9E2D-FEBBBA7810F8}.Release|Any CPU.Build.0 = Release|Any CPU
		{2440C424-028F-4230-AC79-F4D24B5EEF04}.Debug|Any CPU.ActiveCfg = Debug|Any CPU
		{2440C424-028F-4230-AC79-F4D24B5EEF04}.Debug|Any CPU.Build.0 = Debug|Any CPU
		{2440C424-028F-4230-AC79-F4D24B5EEF04}.Release|Any CPU.ActiveCfg = Release|Any CPU
		{2440C424-028F-4230-AC79-F4D24B5EEF04}.Release|Any CPU.Build.0 = Release|Any CPU
		{CA4784CC-63FC-4152-9057-AD92F4E1FC69}.Debug|Any CPU.ActiveCfg = Debug|Any CPU
		{CA4784CC-63FC-4152-9057-AD92F4E1FC69}.Debug|Any CPU.Build.0 = Debug|Any CPU
		{CA4784CC-63FC-4152-9057-AD92F4E1FC69}.Release|Any CPU.ActiveCfg = Release|Any CPU
		{CA4784CC-63FC-4152-9057-AD92F4E1FC69}.Release|Any CPU.Build.0 = Release|Any CPU
		{618A98FE-930B-4B34-A242-BF3A599E0B62}.Debug|Any CPU.ActiveCfg = Debug|Any CPU
		{618A98FE-930B-4B34-A242-BF3A599E0B62}.Debug|Any CPU.Build.0 = Debug|Any CPU
		{618A98FE-930B-4B34-A242-BF3A599E0B62}.Release|Any CPU.ActiveCfg = Release|Any CPU
		{618A98FE-930B-4B34-A242-BF3A599E0B62}.Release|Any CPU.Build.0 = Release|Any CPU
		{9BA650B7-1EA7-4E46-9667-382DBCD20F1D}.Debug|Any CPU.ActiveCfg = Debug|Any CPU
		{9BA650B7-1EA7-4E46-9667-382DBCD20F1D}.Debug|Any CPU.Build.0 = Debug|Any CPU
		{9BA650B7-1EA7-4E46-9667-382DBCD20F1D}.Release|Any CPU.ActiveCfg = Release|Any CPU
		{9BA650B7-1EA7-4E46-9667-382DBCD20F1D}.Release|Any CPU.Build.0 = Release|Any CPU
		{F4505D5C-DEA0-4C65-A6D6-D41B5696F4B1}.Debug|Any CPU.ActiveCfg = Debug|Any CPU
		{F4505D5C-DEA0-4C65-A6D6-D41B5696F4B1}.Debug|Any CPU.Build.0 = Debug|Any CPU
		{F4505D5C-DEA0-4C65-A6D6-D41B5696F4B1}.Release|Any CPU.ActiveCfg = Release|Any CPU
		{F4505D5C-DEA0-4C65-A6D6-D41B5696F4B1}.Release|Any CPU.Build.0 = Release|Any CPU
		{8892538B-5B1A-4335-90FB-4DB266A0213B}.Debug|Any CPU.ActiveCfg = Debug|Any CPU
		{8892538B-5B1A-4335-90FB-4DB266A0213B}.Debug|Any CPU.Build.0 = Debug|Any CPU
		{8892538B-5B1A-4335-90FB-4DB266A0213B}.Release|Any CPU.ActiveCfg = Release|Any CPU
		{8892538B-5B1A-4335-90FB-4DB266A0213B}.Release|Any CPU.Build.0 = Release|Any CPU
		{0083CDC4-9379-4EE5-BF25-484BF1232666}.Debug|Any CPU.ActiveCfg = Debug|Any CPU
		{0083CDC4-9379-4EE5-BF25-484BF1232666}.Debug|Any CPU.Build.0 = Debug|Any CPU
		{0083CDC4-9379-4EE5-BF25-484BF1232666}.Release|Any CPU.ActiveCfg = Release|Any CPU
		{0083CDC4-9379-4EE5-BF25-484BF1232666}.Release|Any CPU.Build.0 = Release|Any CPU
		{79FC63BB-EB9D-4C1B-9BEE-AE6F10CEF8FB}.Debug|Any CPU.ActiveCfg = Debug|Any CPU
		{79FC63BB-EB9D-4C1B-9BEE-AE6F10CEF8FB}.Debug|Any CPU.Build.0 = Debug|Any CPU
		{79FC63BB-EB9D-4C1B-9BEE-AE6F10CEF8FB}.Release|Any CPU.ActiveCfg = Release|Any CPU
		{79FC63BB-EB9D-4C1B-9BEE-AE6F10CEF8FB}.Release|Any CPU.Build.0 = Release|Any CPU
		{04D3C998-A8B9-45B2-BE84-D8DD9C61621D}.Debug|Any CPU.ActiveCfg = Debug|Any CPU
		{04D3C998-A8B9-45B2-BE84-D8DD9C61621D}.Debug|Any CPU.Build.0 = Debug|Any CPU
		{04D3C998-A8B9-45B2-BE84-D8DD9C61621D}.Release|Any CPU.ActiveCfg = Release|Any CPU
		{04D3C998-A8B9-45B2-BE84-D8DD9C61621D}.Release|Any CPU.Build.0 = Release|Any CPU
		{69F8044C-E9AF-4EB5-BA65-DE0D921B0899}.Debug|Any CPU.ActiveCfg = Debug|Any CPU
		{69F8044C-E9AF-4EB5-BA65-DE0D921B0899}.Debug|Any CPU.Build.0 = Debug|Any CPU
		{69F8044C-E9AF-4EB5-BA65-DE0D921B0899}.Release|Any CPU.ActiveCfg = Release|Any CPU
		{69F8044C-E9AF-4EB5-BA65-DE0D921B0899}.Release|Any CPU.Build.0 = Release|Any CPU
		{02DFF897-E307-4070-B871-FC51D716EB20}.Debug|Any CPU.ActiveCfg = Debug|Any CPU
		{02DFF897-E307-4070-B871-FC51D716EB20}.Debug|Any CPU.Build.0 = Debug|Any CPU
		{02DFF897-E307-4070-B871-FC51D716EB20}.Release|Any CPU.ActiveCfg = Release|Any CPU
		{02DFF897-E307-4070-B871-FC51D716EB20}.Release|Any CPU.Build.0 = Release|Any CPU
		{379B413D-F3CA-4A6F-9B36-AE61BBEB4D9D}.Debug|Any CPU.ActiveCfg = Debug|Any CPU
		{379B413D-F3CA-4A6F-9B36-AE61BBEB4D9D}.Debug|Any CPU.Build.0 = Debug|Any CPU
		{379B413D-F3CA-4A6F-9B36-AE61BBEB4D9D}.Release|Any CPU.ActiveCfg = Release|Any CPU
		{379B413D-F3CA-4A6F-9B36-AE61BBEB4D9D}.Release|Any CPU.Build.0 = Release|Any CPU
		{3B7DE254-B9BC-401D-B4AE-AE851E0797E1}.Debug|Any CPU.ActiveCfg = Debug|Any CPU
		{3B7DE254-B9BC-401D-B4AE-AE851E0797E1}.Debug|Any CPU.Build.0 = Debug|Any CPU
		{3B7DE254-B9BC-401D-B4AE-AE851E0797E1}.Release|Any CPU.ActiveCfg = Release|Any CPU
		{3B7DE254-B9BC-401D-B4AE-AE851E0797E1}.Release|Any CPU.Build.0 = Release|Any CPU
	EndGlobalSection
	GlobalSection(SolutionProperties) = preSolution
		HideSolutionNode = FALSE
	EndGlobalSection
	GlobalSection(ExtensibilityGlobals) = postSolution
		SolutionGuid = {5F42E8C2-F2A3-4079-8C06-D804AAC7D4AE}
	EndGlobalSection
EndGlobal
